// !$*UTF8*$!
{
	archiveVersion = 1;
	classes = {
	};
	objectVersion = 50;
	objects = {

/* Begin PBXBuildFile section */
		B808CC3824B912EB00B39432 /* Joke.swift in Sources */ = {isa = PBXBuildFile; fileRef = B808CC3724B912EB00B39432 /* Joke.swift */; };
		B808CC3A24B948E200B39432 /* Setup.swift in Sources */ = {isa = PBXBuildFile; fileRef = B808CC3924B948E200B39432 /* Setup.swift */; };
		B808CC3C24B94FA200B39432 /* StyleManager.swift in Sources */ = {isa = PBXBuildFile; fileRef = B808CC3B24B94FA200B39432 /* StyleManager.swift */; };
		B808CC4124B9583F00B39432 /* Punchline+ActivityFeedViewController.swift in Sources */ = {isa = PBXBuildFile; fileRef = B808CC4024B9583F00B39432 /* Punchline+ActivityFeedViewController.swift */; };
		B808CC4324B9584500B39432 /* Setup+ActivityFeedViewController.swift in Sources */ = {isa = PBXBuildFile; fileRef = B808CC4224B9584500B39432 /* Setup+ActivityFeedViewController.swift */; };
		B808CC4524B9584800B39432 /* Vote+ActivityFeedViewController.swift in Sources */ = {isa = PBXBuildFile; fileRef = B808CC4424B9584800B39432 /* Vote+ActivityFeedViewController.swift */; };
		B850D8F724B988DB0011077D /* PunchLineList+TableViewDelegate.swift in Sources */ = {isa = PBXBuildFile; fileRef = B850D8F624B988DB0011077D /* PunchLineList+TableViewDelegate.swift */; };
		B850D8F924B988EC0011077D /* PunchLineList+TableViewDatasource.swift in Sources */ = {isa = PBXBuildFile; fileRef = B850D8F824B988EC0011077D /* PunchLineList+TableViewDatasource.swift */; };
		B850D8FB24B9897A0011077D /* PunchLineTableViewCell.swift in Sources */ = {isa = PBXBuildFile; fileRef = B850D8FA24B9897A0011077D /* PunchLineTableViewCell.swift */; };
		B890F48324B962010017BA21 /* UIView+ConstrainToSuperview.swift in Sources */ = {isa = PBXBuildFile; fileRef = B890F48224B962010017BA21 /* UIView+ConstrainToSuperview.swift */; };
		B89CF24124B8BBC70009A8CB /* LocalUser.swift in Sources */ = {isa = PBXBuildFile; fileRef = B89CF24024B8BBC70009A8CB /* LocalUser.swift */; };
		B89CF24324B8E6DD0009A8CB /* UIActivityIndicatorView+Animations.swift in Sources */ = {isa = PBXBuildFile; fileRef = B89CF24224B8E6DD0009A8CB /* UIActivityIndicatorView+Animations.swift */; };
		B89F69B624B6663800472067 /* AppDelegate.swift in Sources */ = {isa = PBXBuildFile; fileRef = B89F69B524B6663800472067 /* AppDelegate.swift */; };
		B89F69BF24B6663800472067 /* Main.storyboard in Resources */ = {isa = PBXBuildFile; fileRef = B89F69BD24B6663800472067 /* Main.storyboard */; };
		B89F69C124B6663A00472067 /* Assets.xcassets in Resources */ = {isa = PBXBuildFile; fileRef = B89F69C024B6663A00472067 /* Assets.xcassets */; };
		B89F69C424B6663A00472067 /* LaunchScreen.storyboard in Resources */ = {isa = PBXBuildFile; fileRef = B89F69C224B6663A00472067 /* LaunchScreen.storyboard */; };
		B89F69CD24B666D500472067 /* Username.storyboard in Resources */ = {isa = PBXBuildFile; fileRef = B89F69CC24B666D500472067 /* Username.storyboard */; };
		B89F69D324B6682E00472067 /* Setup.storyboard in Resources */ = {isa = PBXBuildFile; fileRef = B89F69D224B6682E00472067 /* Setup.storyboard */; };
		B89F69D524B6687100472067 /* Punchline.storyboard in Resources */ = {isa = PBXBuildFile; fileRef = B89F69D424B6687100472067 /* Punchline.storyboard */; };
		B89F69D724B668A800472067 /* Vote.storyboard in Resources */ = {isa = PBXBuildFile; fileRef = B89F69D624B668A800472067 /* Vote.storyboard */; };
		B89F69D924B6694900472067 /* JokeList.storyboard in Resources */ = {isa = PBXBuildFile; fileRef = B89F69D824B6694900472067 /* JokeList.storyboard */; };
		B89F69DB24B66A7E00472067 /* JokeDetail.storyboard in Resources */ = {isa = PBXBuildFile; fileRef = B89F69DA24B66A7E00472067 /* JokeDetail.storyboard */; };
		B89F69DD24B674D600472067 /* VoteViewController.swift in Sources */ = {isa = PBXBuildFile; fileRef = B89F69DC24B674D600472067 /* VoteViewController.swift */; };
		B89F69DF24B6750000472067 /* UsernameViewController.swift in Sources */ = {isa = PBXBuildFile; fileRef = B89F69DE24B6750000472067 /* UsernameViewController.swift */; };
		B89F69E124B6752400472067 /* PunchlineViewController.swift in Sources */ = {isa = PBXBuildFile; fileRef = B89F69E024B6752400472067 /* PunchlineViewController.swift */; };
		B89F69E324B6753600472067 /* SetupViewController.swift in Sources */ = {isa = PBXBuildFile; fileRef = B89F69E224B6753600472067 /* SetupViewController.swift */; };
		B89F69E524B6755900472067 /* JokeListViewController.swift in Sources */ = {isa = PBXBuildFile; fileRef = B89F69E424B6755900472067 /* JokeListViewController.swift */; };
		B89F69E724B6757000472067 /* JokeDetailViewController.swift in Sources */ = {isa = PBXBuildFile; fileRef = B89F69E624B6757000472067 /* JokeDetailViewController.swift */; };
		B89F69E924B6759A00472067 /* Profile.storyboard in Resources */ = {isa = PBXBuildFile; fileRef = B89F69E824B6759A00472067 /* Profile.storyboard */; };
		B89F69EB24B675AA00472067 /* ProfileViewController.swift in Sources */ = {isa = PBXBuildFile; fileRef = B89F69EA24B675AA00472067 /* ProfileViewController.swift */; };
		B89F69EE24B675DA00472067 /* MainTabBarController.swift in Sources */ = {isa = PBXBuildFile; fileRef = B89F69ED24B675DA00472067 /* MainTabBarController.swift */; };
		B89F69F824B68BFB00472067 /* PasswordViewController.swift in Sources */ = {isa = PBXBuildFile; fileRef = B89F69F724B68BFB00472067 /* PasswordViewController.swift */; };
		B89F69FD24B7EA9F00472067 /* Constants.swift in Sources */ = {isa = PBXBuildFile; fileRef = B89F69FC24B7EA9F00472067 /* Constants.swift */; };
		B89F69FF24B7ED0800472067 /* GetStarted.storyboard in Resources */ = {isa = PBXBuildFile; fileRef = B89F69FE24B7ED0800472067 /* GetStarted.storyboard */; };
		B89F6A0124B7ED1C00472067 /* GetStartedViewController.swift in Sources */ = {isa = PBXBuildFile; fileRef = B89F6A0024B7ED1C00472067 /* GetStartedViewController.swift */; };
		B89F6A0724B803A900472067 /* Password.storyboard in Resources */ = {isa = PBXBuildFile; fileRef = B89F6A0624B803A900472067 /* Password.storyboard */; };
		B89F6A0B24B8062B00472067 /* Password+UITextFieldDelegate.swift in Sources */ = {isa = PBXBuildFile; fileRef = B89F6A0A24B8062B00472067 /* Password+UITextFieldDelegate.swift */; };
		B89F6A0D24B8063D00472067 /* Username+UITextFieldDelegate.swift in Sources */ = {isa = PBXBuildFile; fileRef = B89F6A0C24B8063D00472067 /* Username+UITextFieldDelegate.swift */; };
		B89F6A1124B80AEE00472067 /* UITextField+AddBottomBorder.swift in Sources */ = {isa = PBXBuildFile; fileRef = B89F6A1024B80AEE00472067 /* UITextField+AddBottomBorder.swift */; };
		B89F6A1524B80CE500472067 /* UserAuthorizationManager.swift in Sources */ = {isa = PBXBuildFile; fileRef = B89F6A1424B80CE500472067 /* UserAuthorizationManager.swift */; };
		B89F6A1724B8240400472067 /* Cartfile in Resources */ = {isa = PBXBuildFile; fileRef = B89F6A1624B8240400472067 /* Cartfile */; };
		B89F6A1B24B824C700472067 /* Realm.framework in Frameworks */ = {isa = PBXBuildFile; fileRef = B89F6A1924B824C700472067 /* Realm.framework */; };
		B89F6A1C24B824C700472067 /* Realm.framework in Embed Frameworks */ = {isa = PBXBuildFile; fileRef = B89F6A1924B824C700472067 /* Realm.framework */; settings = {ATTRIBUTES = (CodeSignOnCopy, RemoveHeadersOnCopy, ); }; };
		B89F6A1D24B824C700472067 /* RealmSwift.framework in Frameworks */ = {isa = PBXBuildFile; fileRef = B89F6A1A24B824C700472067 /* RealmSwift.framework */; };
		B89F6A1E24B824C700472067 /* RealmSwift.framework in Embed Frameworks */ = {isa = PBXBuildFile; fileRef = B89F6A1A24B824C700472067 /* RealmSwift.framework */; settings = {ATTRIBUTES = (CodeSignOnCopy, RemoveHeadersOnCopy, ); }; };
		B8A58FF124B982360007B744 /* PunchLineListViewController.swift in Sources */ = {isa = PBXBuildFile; fileRef = B8A58FF024B982360007B744 /* PunchLineListViewController.swift */; };
		B8A58FF524B983AA0007B744 /* Activity.storyboard in Resources */ = {isa = PBXBuildFile; fileRef = B8A58FF424B983AA0007B744 /* Activity.storyboard */; };
		B8A58FF824B986C90007B744 /* CustomPunchLine.swift in Sources */ = {isa = PBXBuildFile; fileRef = B8A58FF724B986C90007B744 /* CustomPunchLine.swift */; };
		B8CDC13024B9904D000C8B64 /* NewPunchLineTableViewCell.swift in Sources */ = {isa = PBXBuildFile; fileRef = B8CDC12F24B9904D000C8B64 /* NewPunchLineTableViewCell.swift */; };
		B8CDC13224BA283E000C8B64 /* UIColor+CustomColors.swift in Sources */ = {isa = PBXBuildFile; fileRef = B8CDC13124BA283E000C8B64 /* UIColor+CustomColors.swift */; };
		B8CDC13424BA3224000C8B64 /* PublicPunchLine.swift in Sources */ = {isa = PBXBuildFile; fileRef = B8CDC13324BA3224000C8B64 /* PublicPunchLine.swift */; };
		B8CDC13724BA3239000C8B64 /* PunchLine.swift in Sources */ = {isa = PBXBuildFile; fileRef = B8CDC13624BA3239000C8B64 /* PunchLine.swift */; };
		B8CDC13924BA34F4000C8B64 /* PunchLineCreationManager.swift in Sources */ = {isa = PBXBuildFile; fileRef = B8CDC13824BA34F4000C8B64 /* PunchLineCreationManager.swift */; };
		B8D8F8B224BA4F5600BBEBB1 /* FavoriteJoke.swift in Sources */ = {isa = PBXBuildFile; fileRef = B8D8F8B124BA4F5600BBEBB1 /* FavoriteJoke.swift */; };
		B8EABB8624B8278A00A46443 /* NavigationManager.swift in Sources */ = {isa = PBXBuildFile; fileRef = B8EABB8524B8278A00A46443 /* NavigationManager.swift */; };
		B8EABB8824B8427B00A46443 /* RealmAccessManager.swift in Sources */ = {isa = PBXBuildFile; fileRef = B8EABB8724B8427B00A46443 /* RealmAccessManager.swift */; };
		B8EABB8A24B8477D00A46443 /* ActivityFeedManager.swift in Sources */ = {isa = PBXBuildFile; fileRef = B8EABB8924B8477D00A46443 /* ActivityFeedManager.swift */; };
		B8EABB8C24B847D900A46443 /* ActivityContainerViewController.swift in Sources */ = {isa = PBXBuildFile; fileRef = B8EABB8B24B847D900A46443 /* ActivityContainerViewController.swift */; };
/* End PBXBuildFile section */

/* Begin PBXCopyFilesBuildPhase section */
		B89F6A1F24B824C700472067 /* Embed Frameworks */ = {
			isa = PBXCopyFilesBuildPhase;
			buildActionMask = 2147483647;
			dstPath = "";
			dstSubfolderSpec = 10;
			files = (
				B89F6A1E24B824C700472067 /* RealmSwift.framework in Embed Frameworks */,
				B89F6A1C24B824C700472067 /* Realm.framework in Embed Frameworks */,
			);
			name = "Embed Frameworks";
			runOnlyForDeploymentPostprocessing = 0;
		};
/* End PBXCopyFilesBuildPhase section */

/* Begin PBXFileReference section */
		B808CC3724B912EB00B39432 /* Joke.swift */ = {isa = PBXFileReference; lastKnownFileType = sourcecode.swift; path = Joke.swift; sourceTree = "<group>"; };
		B808CC3924B948E200B39432 /* Setup.swift */ = {isa = PBXFileReference; lastKnownFileType = sourcecode.swift; path = Setup.swift; sourceTree = "<group>"; };
		B808CC3B24B94FA200B39432 /* StyleManager.swift */ = {isa = PBXFileReference; lastKnownFileType = sourcecode.swift; path = StyleManager.swift; sourceTree = "<group>"; };
		B808CC4024B9583F00B39432 /* Punchline+ActivityFeedViewController.swift */ = {isa = PBXFileReference; lastKnownFileType = sourcecode.swift; path = "Punchline+ActivityFeedViewController.swift"; sourceTree = "<group>"; };
		B808CC4224B9584500B39432 /* Setup+ActivityFeedViewController.swift */ = {isa = PBXFileReference; lastKnownFileType = sourcecode.swift; path = "Setup+ActivityFeedViewController.swift"; sourceTree = "<group>"; };
		B808CC4424B9584800B39432 /* Vote+ActivityFeedViewController.swift */ = {isa = PBXFileReference; lastKnownFileType = sourcecode.swift; path = "Vote+ActivityFeedViewController.swift"; sourceTree = "<group>"; };
		B850D8F624B988DB0011077D /* PunchLineList+TableViewDelegate.swift */ = {isa = PBXFileReference; lastKnownFileType = sourcecode.swift; path = "PunchLineList+TableViewDelegate.swift"; sourceTree = "<group>"; };
		B850D8F824B988EC0011077D /* PunchLineList+TableViewDatasource.swift */ = {isa = PBXFileReference; lastKnownFileType = sourcecode.swift; path = "PunchLineList+TableViewDatasource.swift"; sourceTree = "<group>"; };
		B850D8FA24B9897A0011077D /* PunchLineTableViewCell.swift */ = {isa = PBXFileReference; lastKnownFileType = sourcecode.swift; path = PunchLineTableViewCell.swift; sourceTree = "<group>"; };
		B890F48224B962010017BA21 /* UIView+ConstrainToSuperview.swift */ = {isa = PBXFileReference; lastKnownFileType = sourcecode.swift; path = "UIView+ConstrainToSuperview.swift"; sourceTree = "<group>"; };
		B89CF24024B8BBC70009A8CB /* LocalUser.swift */ = {isa = PBXFileReference; lastKnownFileType = sourcecode.swift; path = LocalUser.swift; sourceTree = "<group>"; };
		B89CF24224B8E6DD0009A8CB /* UIActivityIndicatorView+Animations.swift */ = {isa = PBXFileReference; lastKnownFileType = sourcecode.swift; path = "UIActivityIndicatorView+Animations.swift"; sourceTree = "<group>"; };
		B89F69B224B6663800472067 /* Punch-Line.app */ = {isa = PBXFileReference; explicitFileType = wrapper.application; includeInIndex = 0; path = "Punch-Line.app"; sourceTree = BUILT_PRODUCTS_DIR; };
		B89F69B524B6663800472067 /* AppDelegate.swift */ = {isa = PBXFileReference; lastKnownFileType = sourcecode.swift; path = AppDelegate.swift; sourceTree = "<group>"; };
		B89F69BE24B6663800472067 /* Base */ = {isa = PBXFileReference; lastKnownFileType = file.storyboard; name = Base; path = Base.lproj/Main.storyboard; sourceTree = "<group>"; };
		B89F69C024B6663A00472067 /* Assets.xcassets */ = {isa = PBXFileReference; lastKnownFileType = folder.assetcatalog; path = Assets.xcassets; sourceTree = "<group>"; };
		B89F69C324B6663A00472067 /* Base */ = {isa = PBXFileReference; lastKnownFileType = file.storyboard; name = Base; path = Base.lproj/LaunchScreen.storyboard; sourceTree = "<group>"; };
		B89F69C524B6663A00472067 /* Info.plist */ = {isa = PBXFileReference; lastKnownFileType = text.plist.xml; path = Info.plist; sourceTree = "<group>"; };
		B89F69CC24B666D500472067 /* Username.storyboard */ = {isa = PBXFileReference; lastKnownFileType = file.storyboard; path = Username.storyboard; sourceTree = "<group>"; };
		B89F69D224B6682E00472067 /* Setup.storyboard */ = {isa = PBXFileReference; lastKnownFileType = file.storyboard; path = Setup.storyboard; sourceTree = "<group>"; };
		B89F69D424B6687100472067 /* Punchline.storyboard */ = {isa = PBXFileReference; lastKnownFileType = file.storyboard; path = Punchline.storyboard; sourceTree = "<group>"; };
		B89F69D624B668A800472067 /* Vote.storyboard */ = {isa = PBXFileReference; lastKnownFileType = file.storyboard; path = Vote.storyboard; sourceTree = "<group>"; };
		B89F69D824B6694900472067 /* JokeList.storyboard */ = {isa = PBXFileReference; lastKnownFileType = file.storyboard; path = JokeList.storyboard; sourceTree = "<group>"; };
		B89F69DA24B66A7E00472067 /* JokeDetail.storyboard */ = {isa = PBXFileReference; lastKnownFileType = file.storyboard; path = JokeDetail.storyboard; sourceTree = "<group>"; };
		B89F69DC24B674D600472067 /* VoteViewController.swift */ = {isa = PBXFileReference; lastKnownFileType = sourcecode.swift; path = VoteViewController.swift; sourceTree = "<group>"; };
		B89F69DE24B6750000472067 /* UsernameViewController.swift */ = {isa = PBXFileReference; lastKnownFileType = sourcecode.swift; path = UsernameViewController.swift; sourceTree = "<group>"; };
		B89F69E024B6752400472067 /* PunchlineViewController.swift */ = {isa = PBXFileReference; lastKnownFileType = sourcecode.swift; path = PunchlineViewController.swift; sourceTree = "<group>"; };
		B89F69E224B6753600472067 /* SetupViewController.swift */ = {isa = PBXFileReference; lastKnownFileType = sourcecode.swift; path = SetupViewController.swift; sourceTree = "<group>"; };
		B89F69E424B6755900472067 /* JokeListViewController.swift */ = {isa = PBXFileReference; lastKnownFileType = sourcecode.swift; path = JokeListViewController.swift; sourceTree = "<group>"; };
		B89F69E624B6757000472067 /* JokeDetailViewController.swift */ = {isa = PBXFileReference; lastKnownFileType = sourcecode.swift; path = JokeDetailViewController.swift; sourceTree = "<group>"; };
		B89F69E824B6759A00472067 /* Profile.storyboard */ = {isa = PBXFileReference; lastKnownFileType = file.storyboard; path = Profile.storyboard; sourceTree = "<group>"; };
		B89F69EA24B675AA00472067 /* ProfileViewController.swift */ = {isa = PBXFileReference; lastKnownFileType = sourcecode.swift; path = ProfileViewController.swift; sourceTree = "<group>"; };
		B89F69ED24B675DA00472067 /* MainTabBarController.swift */ = {isa = PBXFileReference; lastKnownFileType = sourcecode.swift; path = MainTabBarController.swift; sourceTree = "<group>"; };
		B89F69F724B68BFB00472067 /* PasswordViewController.swift */ = {isa = PBXFileReference; lastKnownFileType = sourcecode.swift; path = PasswordViewController.swift; sourceTree = "<group>"; };
		B89F69FC24B7EA9F00472067 /* Constants.swift */ = {isa = PBXFileReference; lastKnownFileType = sourcecode.swift; path = Constants.swift; sourceTree = "<group>"; };
		B89F69FE24B7ED0800472067 /* GetStarted.storyboard */ = {isa = PBXFileReference; lastKnownFileType = file.storyboard; path = GetStarted.storyboard; sourceTree = "<group>"; };
		B89F6A0024B7ED1C00472067 /* GetStartedViewController.swift */ = {isa = PBXFileReference; lastKnownFileType = sourcecode.swift; path = GetStartedViewController.swift; sourceTree = "<group>"; };
		B89F6A0624B803A900472067 /* Password.storyboard */ = {isa = PBXFileReference; lastKnownFileType = file.storyboard; path = Password.storyboard; sourceTree = "<group>"; };
		B89F6A0A24B8062B00472067 /* Password+UITextFieldDelegate.swift */ = {isa = PBXFileReference; lastKnownFileType = sourcecode.swift; path = "Password+UITextFieldDelegate.swift"; sourceTree = "<group>"; };
		B89F6A0C24B8063D00472067 /* Username+UITextFieldDelegate.swift */ = {isa = PBXFileReference; lastKnownFileType = sourcecode.swift; path = "Username+UITextFieldDelegate.swift"; sourceTree = "<group>"; };
		B89F6A1024B80AEE00472067 /* UITextField+AddBottomBorder.swift */ = {isa = PBXFileReference; lastKnownFileType = sourcecode.swift; path = "UITextField+AddBottomBorder.swift"; sourceTree = "<group>"; };
		B89F6A1424B80CE500472067 /* UserAuthorizationManager.swift */ = {isa = PBXFileReference; lastKnownFileType = sourcecode.swift; path = UserAuthorizationManager.swift; sourceTree = "<group>"; };
		B89F6A1624B8240400472067 /* Cartfile */ = {isa = PBXFileReference; fileEncoding = 4; lastKnownFileType = text; path = Cartfile; sourceTree = "<group>"; };
		B89F6A1924B824C700472067 /* Realm.framework */ = {isa = PBXFileReference; lastKnownFileType = wrapper.framework; name = Realm.framework; path = Carthage/Build/iOS/Realm.framework; sourceTree = "<group>"; };
		B89F6A1A24B824C700472067 /* RealmSwift.framework */ = {isa = PBXFileReference; lastKnownFileType = wrapper.framework; name = RealmSwift.framework; path = Carthage/Build/iOS/RealmSwift.framework; sourceTree = "<group>"; };
		B8A58FF024B982360007B744 /* PunchLineListViewController.swift */ = {isa = PBXFileReference; lastKnownFileType = sourcecode.swift; path = PunchLineListViewController.swift; sourceTree = "<group>"; };
		B8A58FF424B983AA0007B744 /* Activity.storyboard */ = {isa = PBXFileReference; lastKnownFileType = file.storyboard; path = Activity.storyboard; sourceTree = "<group>"; };
		B8A58FF724B986C90007B744 /* CustomPunchLine.swift */ = {isa = PBXFileReference; lastKnownFileType = sourcecode.swift; path = CustomPunchLine.swift; sourceTree = "<group>"; };
		B8CDC12F24B9904D000C8B64 /* NewPunchLineTableViewCell.swift */ = {isa = PBXFileReference; lastKnownFileType = sourcecode.swift; path = NewPunchLineTableViewCell.swift; sourceTree = "<group>"; };
		B8CDC13124BA283E000C8B64 /* UIColor+CustomColors.swift */ = {isa = PBXFileReference; lastKnownFileType = sourcecode.swift; path = "UIColor+CustomColors.swift"; sourceTree = "<group>"; };
		B8CDC13324BA3224000C8B64 /* PublicPunchLine.swift */ = {isa = PBXFileReference; lastKnownFileType = sourcecode.swift; path = PublicPunchLine.swift; sourceTree = "<group>"; };
		B8CDC13624BA3239000C8B64 /* PunchLine.swift */ = {isa = PBXFileReference; lastKnownFileType = sourcecode.swift; path = PunchLine.swift; sourceTree = "<group>"; };
		B8CDC13824BA34F4000C8B64 /* PunchLineCreationManager.swift */ = {isa = PBXFileReference; lastKnownFileType = sourcecode.swift; path = PunchLineCreationManager.swift; sourceTree = "<group>"; };
		B8D8F8B124BA4F5600BBEBB1 /* FavoriteJoke.swift */ = {isa = PBXFileReference; lastKnownFileType = sourcecode.swift; path = FavoriteJoke.swift; sourceTree = "<group>"; };
		B8EABB8524B8278A00A46443 /* NavigationManager.swift */ = {isa = PBXFileReference; lastKnownFileType = sourcecode.swift; path = NavigationManager.swift; sourceTree = "<group>"; };
		B8EABB8724B8427B00A46443 /* RealmAccessManager.swift */ = {isa = PBXFileReference; lastKnownFileType = sourcecode.swift; path = RealmAccessManager.swift; sourceTree = "<group>"; };
		B8EABB8924B8477D00A46443 /* ActivityFeedManager.swift */ = {isa = PBXFileReference; lastKnownFileType = sourcecode.swift; path = ActivityFeedManager.swift; sourceTree = "<group>"; };
		B8EABB8B24B847D900A46443 /* ActivityContainerViewController.swift */ = {isa = PBXFileReference; lastKnownFileType = sourcecode.swift; path = ActivityContainerViewController.swift; sourceTree = "<group>"; };
/* End PBXFileReference section */

/* Begin PBXFrameworksBuildPhase section */
		B89F69AF24B6663800472067 /* Frameworks */ = {
			isa = PBXFrameworksBuildPhase;
			buildActionMask = 2147483647;
			files = (
				B89F6A1D24B824C700472067 /* RealmSwift.framework in Frameworks */,
				B89F6A1B24B824C700472067 /* Realm.framework in Frameworks */,
			);
			runOnlyForDeploymentPostprocessing = 0;
		};
/* End PBXFrameworksBuildPhase section */

/* Begin PBXGroup section */
		B808CC3D24B9581200B39432 /* Vote */ = {
			isa = PBXGroup;
			children = (
				B89F69DC24B674D600472067 /* VoteViewController.swift */,
				B808CC4424B9584800B39432 /* Vote+ActivityFeedViewController.swift */,
			);
			path = Vote;
			sourceTree = "<group>";
		};
		B808CC3E24B9581F00B39432 /* Setup */ = {
			isa = PBXGroup;
			children = (
				B89F69E224B6753600472067 /* SetupViewController.swift */,
				B808CC4224B9584500B39432 /* Setup+ActivityFeedViewController.swift */,
			);
			path = Setup;
			sourceTree = "<group>";
		};
		B808CC3F24B9582400B39432 /* Punchline */ = {
			isa = PBXGroup;
			children = (
				B89F69E024B6752400472067 /* PunchlineViewController.swift */,
				B808CC4024B9583F00B39432 /* Punchline+ActivityFeedViewController.swift */,
			);
			path = Punchline;
			sourceTree = "<group>";
		};
		B850D8F524B988C30011077D /* PunchLineList */ = {
			isa = PBXGroup;
			children = (
				B8A58FF024B982360007B744 /* PunchLineListViewController.swift */,
				B850D8F624B988DB0011077D /* PunchLineList+TableViewDelegate.swift */,
				B850D8F824B988EC0011077D /* PunchLineList+TableViewDatasource.swift */,
				B850D8FA24B9897A0011077D /* PunchLineTableViewCell.swift */,
				B8CDC12F24B9904D000C8B64 /* NewPunchLineTableViewCell.swift */,
			);
			path = PunchLineList;
			sourceTree = "<group>";
		};
		B89F69A924B6663800472067 = {
			isa = PBXGroup;
			children = (
				B89F6A1624B8240400472067 /* Cartfile */,
				B89F69B424B6663800472067 /* Punch-Line */,
				B89F69B324B6663800472067 /* Products */,
				B89F6A1824B824C700472067 /* Frameworks */,
			);
			sourceTree = "<group>";
		};
		B89F69B324B6663800472067 /* Products */ = {
			isa = PBXGroup;
			children = (
				B89F69B224B6663800472067 /* Punch-Line.app */,
			);
			name = Products;
			sourceTree = "<group>";
		};
		B89F69B424B6663800472067 /* Punch-Line */ = {
			isa = PBXGroup;
			children = (
				B89F69B524B6663800472067 /* AppDelegate.swift */,
				B89F69D024B6670C00472067 /* Managers */,
				B89F69D124B6671100472067 /* Models */,
				B89F69CF24B666F200472067 /* Resources */,
				B89F69CB24B666A900472067 /* Storyboards */,
				B89F69CE24B666E000472067 /* UI */,
				B89F6A0E24B80ACD00472067 /* Utilities */,
			);
			path = "Punch-Line";
			sourceTree = "<group>";
		};
		B89F69CB24B666A900472067 /* Storyboards */ = {
			isa = PBXGroup;
			children = (
				B89F69FE24B7ED0800472067 /* GetStarted.storyboard */,
				B89F69D824B6694900472067 /* JokeList.storyboard */,
				B89F69C224B6663A00472067 /* LaunchScreen.storyboard */,
				B89F69BD24B6663800472067 /* Main.storyboard */,
				B89F6A0624B803A900472067 /* Password.storyboard */,
				B89F69E824B6759A00472067 /* Profile.storyboard */,
				B89F69D424B6687100472067 /* Punchline.storyboard */,
				B89F69D224B6682E00472067 /* Setup.storyboard */,
				B89F69DA24B66A7E00472067 /* JokeDetail.storyboard */,
				B89F69CC24B666D500472067 /* Username.storyboard */,
				B89F69D624B668A800472067 /* Vote.storyboard */,
				B8A58FF424B983AA0007B744 /* Activity.storyboard */,
			);
			path = Storyboards;
			sourceTree = "<group>";
		};
		B89F69CE24B666E000472067 /* UI */ = {
			isa = PBXGroup;
			children = (
				B850D8F524B988C30011077D /* PunchLineList */,
				B8EABB8B24B847D900A46443 /* ActivityContainerViewController.swift */,
				B89F6A0024B7ED1C00472067 /* GetStartedViewController.swift */,
				B89F69F924B68D2800472067 /* JokeList */,
				B89F69ED24B675DA00472067 /* MainTabBarController.swift */,
				B89F6A0924B805E900472067 /* Password */,
				B89F69EA24B675AA00472067 /* ProfileViewController.swift */,
				B808CC3F24B9582400B39432 /* Punchline */,
				B808CC3E24B9581F00B39432 /* Setup */,
				B89F69E624B6757000472067 /* JokeDetailViewController.swift */,
				B89F6A0824B805E500472067 /* Username */,
				B808CC3D24B9581200B39432 /* Vote */,
			);
			path = UI;
			sourceTree = "<group>";
		};
		B89F69CF24B666F200472067 /* Resources */ = {
			isa = PBXGroup;
			children = (
				B89F69C024B6663A00472067 /* Assets.xcassets */,
				B89F69C524B6663A00472067 /* Info.plist */,
				B89F69FC24B7EA9F00472067 /* Constants.swift */,
			);
			path = Resources;
			sourceTree = "<group>";
		};
		B89F69D024B6670C00472067 /* Managers */ = {
			isa = PBXGroup;
			children = (
				B89F6A1424B80CE500472067 /* UserAuthorizationManager.swift */,
				B8EABB8524B8278A00A46443 /* NavigationManager.swift */,
				B8EABB8724B8427B00A46443 /* RealmAccessManager.swift */,
				B8EABB8924B8477D00A46443 /* ActivityFeedManager.swift */,
				B808CC3B24B94FA200B39432 /* StyleManager.swift */,
				B8CDC13824BA34F4000C8B64 /* PunchLineCreationManager.swift */,
			);
			path = Managers;
			sourceTree = "<group>";
		};
		B89F69D124B6671100472067 /* Models */ = {
			isa = PBXGroup;
			children = (
				B8D8F8B024BA4EE500BBEBB1 /* Joke */,
				B8CDC13524BA3227000C8B64 /* PunchLine */,
				B89CF24024B8BBC70009A8CB /* LocalUser.swift */,
			);
			path = Models;
			sourceTree = "<group>";
		};
		B89F69F924B68D2800472067 /* JokeList */ = {
			isa = PBXGroup;
			children = (
				B89F69E424B6755900472067 /* JokeListViewController.swift */,
			);
			path = JokeList;
			sourceTree = "<group>";
		};
		B89F6A0824B805E500472067 /* Username */ = {
			isa = PBXGroup;
			children = (
				B89F69DE24B6750000472067 /* UsernameViewController.swift */,
				B89F6A0C24B8063D00472067 /* Username+UITextFieldDelegate.swift */,
			);
			path = Username;
			sourceTree = "<group>";
		};
		B89F6A0924B805E900472067 /* Password */ = {
			isa = PBXGroup;
			children = (
				B89F69F724B68BFB00472067 /* PasswordViewController.swift */,
				B89F6A0A24B8062B00472067 /* Password+UITextFieldDelegate.swift */,
			);
			path = Password;
			sourceTree = "<group>";
		};
		B89F6A0E24B80ACD00472067 /* Utilities */ = {
			isa = PBXGroup;
			children = (
				B89F6A0F24B80ADB00472067 /* Extensions */,
			);
			path = Utilities;
			sourceTree = "<group>";
		};
		B89F6A0F24B80ADB00472067 /* Extensions */ = {
			isa = PBXGroup;
			children = (
				B89F6A1024B80AEE00472067 /* UITextField+AddBottomBorder.swift */,
				B89CF24224B8E6DD0009A8CB /* UIActivityIndicatorView+Animations.swift */,
				B890F48224B962010017BA21 /* UIView+ConstrainToSuperview.swift */,
				B8CDC13124BA283E000C8B64 /* UIColor+CustomColors.swift */,
			);
			path = Extensions;
			sourceTree = "<group>";
		};
		B89F6A1824B824C700472067 /* Frameworks */ = {
			isa = PBXGroup;
			children = (
				B89F6A1924B824C700472067 /* Realm.framework */,
				B89F6A1A24B824C700472067 /* RealmSwift.framework */,
			);
			name = Frameworks;
			sourceTree = "<group>";
		};
		B8CDC13524BA3227000C8B64 /* PunchLine */ = {
			isa = PBXGroup;
			children = (
				B8A58FF724B986C90007B744 /* CustomPunchLine.swift */,
				B8CDC13324BA3224000C8B64 /* PublicPunchLine.swift */,
				B8CDC13624BA3239000C8B64 /* PunchLine.swift */,
			);
			path = PunchLine;
			sourceTree = "<group>";
		};
		B8D8F8B024BA4EE500BBEBB1 /* Joke */ = {
			isa = PBXGroup;
			children = (
				B808CC3724B912EB00B39432 /* Joke.swift */,
				B808CC3924B948E200B39432 /* Setup.swift */,
				B8D8F8B124BA4F5600BBEBB1 /* FavoriteJoke.swift */,
			);
			path = Joke;
			sourceTree = "<group>";
		};
/* End PBXGroup section */

/* Begin PBXNativeTarget section */
		B89F69B124B6663800472067 /* Punch-Line */ = {
			isa = PBXNativeTarget;
			buildConfigurationList = B89F69C824B6663A00472067 /* Build configuration list for PBXNativeTarget "Punch-Line" */;
			buildPhases = (
				B89F69AE24B6663800472067 /* Sources */,
				B89F69AF24B6663800472067 /* Frameworks */,
				B89F69B024B6663800472067 /* Resources */,
				B89F6A1F24B824C700472067 /* Embed Frameworks */,
			);
			buildRules = (
			);
			dependencies = (
			);
			name = "Punch-Line";
			packageProductDependencies = (
			);
			productName = "Punch-Line";
			productReference = B89F69B224B6663800472067 /* Punch-Line.app */;
			productType = "com.apple.product-type.application";
		};
/* End PBXNativeTarget section */

/* Begin PBXProject section */
		B89F69AA24B6663800472067 /* Project object */ = {
			isa = PBXProject;
			attributes = {
				LastSwiftUpdateCheck = 1150;
				LastUpgradeCheck = 1150;
				ORGANIZATIONNAME = "Bozo Design Labs";
				TargetAttributes = {
					B89F69B124B6663800472067 = {
						CreatedOnToolsVersion = 11.5;
					};
				};
			};
			buildConfigurationList = B89F69AD24B6663800472067 /* Build configuration list for PBXProject "Punch-Line" */;
			compatibilityVersion = "Xcode 9.3";
			developmentRegion = en;
			hasScannedForEncodings = 0;
			knownRegions = (
				en,
				Base,
			);
			mainGroup = B89F69A924B6663800472067;
			packageReferences = (
			);
			productRefGroup = B89F69B324B6663800472067 /* Products */;
			projectDirPath = "";
			projectRoot = "";
			targets = (
				B89F69B124B6663800472067 /* Punch-Line */,
			);
		};
/* End PBXProject section */

/* Begin PBXResourcesBuildPhase section */
		B89F69B024B6663800472067 /* Resources */ = {
			isa = PBXResourcesBuildPhase;
			buildActionMask = 2147483647;
			files = (
				B89F69CD24B666D500472067 /* Username.storyboard in Resources */,
				B89F69D924B6694900472067 /* JokeList.storyboard in Resources */,
				B89F69D324B6682E00472067 /* Setup.storyboard in Resources */,
				B89F69FF24B7ED0800472067 /* GetStarted.storyboard in Resources */,
				B89F6A1724B8240400472067 /* Cartfile in Resources */,
				B89F69C424B6663A00472067 /* LaunchScreen.storyboard in Resources */,
				B89F6A0724B803A900472067 /* Password.storyboard in Resources */,
				B89F69C124B6663A00472067 /* Assets.xcassets in Resources */,
				B89F69BF24B6663800472067 /* Main.storyboard in Resources */,
				B89F69D524B6687100472067 /* Punchline.storyboard in Resources */,
				B89F69D724B668A800472067 /* Vote.storyboard in Resources */,
				B8A58FF524B983AA0007B744 /* Activity.storyboard in Resources */,
				B89F69DB24B66A7E00472067 /* JokeDetail.storyboard in Resources */,
				B89F69E924B6759A00472067 /* Profile.storyboard in Resources */,
			);
			runOnlyForDeploymentPostprocessing = 0;
		};
/* End PBXResourcesBuildPhase section */

/* Begin PBXSourcesBuildPhase section */
		B89F69AE24B6663800472067 /* Sources */ = {
			isa = PBXSourcesBuildPhase;
			buildActionMask = 2147483647;
			files = (
				B8EABB8A24B8477D00A46443 /* ActivityFeedManager.swift in Sources */,
				B808CC4524B9584800B39432 /* Vote+ActivityFeedViewController.swift in Sources */,
				B89F6A1124B80AEE00472067 /* UITextField+AddBottomBorder.swift in Sources */,
				B89F69B624B6663800472067 /* AppDelegate.swift in Sources */,
				B890F48324B962010017BA21 /* UIView+ConstrainToSuperview.swift in Sources */,
				B8EABB8624B8278A00A46443 /* NavigationManager.swift in Sources */,
				B8D8F8B224BA4F5600BBEBB1 /* FavoriteJoke.swift in Sources */,
				B8EABB8C24B847D900A46443 /* ActivityContainerViewController.swift in Sources */,
				B850D8F924B988EC0011077D /* PunchLineList+TableViewDatasource.swift in Sources */,
				B89CF24324B8E6DD0009A8CB /* UIActivityIndicatorView+Animations.swift in Sources */,
				B89CF24124B8BBC70009A8CB /* LocalUser.swift in Sources */,
				B89F6A0B24B8062B00472067 /* Password+UITextFieldDelegate.swift in Sources */,
				B808CC3A24B948E200B39432 /* Setup.swift in Sources */,
				B850D8FB24B9897A0011077D /* PunchLineTableViewCell.swift in Sources */,
				B850D8F724B988DB0011077D /* PunchLineList+TableViewDelegate.swift in Sources */,
				B8A58FF824B986C90007B744 /* CustomPunchLine.swift in Sources */,
				B89F6A0124B7ED1C00472067 /* GetStartedViewController.swift in Sources */,
				B8CDC13024B9904D000C8B64 /* NewPunchLineTableViewCell.swift in Sources */,
				B8CDC13924BA34F4000C8B64 /* PunchLineCreationManager.swift in Sources */,
				B89F69E124B6752400472067 /* PunchlineViewController.swift in Sources */,
				B8CDC13724BA3239000C8B64 /* PunchLine.swift in Sources */,
				B89F69EE24B675DA00472067 /* MainTabBarController.swift in Sources */,
				B808CC4124B9583F00B39432 /* Punchline+ActivityFeedViewController.swift in Sources */,
				B89F69F824B68BFB00472067 /* PasswordViewController.swift in Sources */,
				B89F69DD24B674D600472067 /* VoteViewController.swift in Sources */,
				B8CDC13224BA283E000C8B64 /* UIColor+CustomColors.swift in Sources */,
				B89F69E724B6757000472067 /* JokeDetailViewController.swift in Sources */,
				B808CC3824B912EB00B39432 /* Joke.swift in Sources */,
				B89F69DF24B6750000472067 /* UsernameViewController.swift in Sources */,
				B89F69FD24B7EA9F00472067 /* Constants.swift in Sources */,
				B8EABB8824B8427B00A46443 /* RealmAccessManager.swift in Sources */,
				B89F6A1524B80CE500472067 /* UserAuthorizationManager.swift in Sources */,
				B8A58FF124B982360007B744 /* PunchLineListViewController.swift in Sources */,
				B89F69E524B6755900472067 /* JokeListViewController.swift in Sources */,
				B89F69E324B6753600472067 /* SetupViewController.swift in Sources */,
				B8CDC13424BA3224000C8B64 /* PublicPunchLine.swift in Sources */,
				B89F6A0D24B8063D00472067 /* Username+UITextFieldDelegate.swift in Sources */,
				B89F69EB24B675AA00472067 /* ProfileViewController.swift in Sources */,
				B808CC4324B9584500B39432 /* Setup+ActivityFeedViewController.swift in Sources */,
				B808CC3C24B94FA200B39432 /* StyleManager.swift in Sources */,
			);
			runOnlyForDeploymentPostprocessing = 0;
		};
/* End PBXSourcesBuildPhase section */

/* Begin PBXVariantGroup section */
		B89F69BD24B6663800472067 /* Main.storyboard */ = {
			isa = PBXVariantGroup;
			children = (
				B89F69BE24B6663800472067 /* Base */,
			);
			name = Main.storyboard;
			sourceTree = "<group>";
		};
		B89F69C224B6663A00472067 /* LaunchScreen.storyboard */ = {
			isa = PBXVariantGroup;
			children = (
				B89F69C324B6663A00472067 /* Base */,
			);
			name = LaunchScreen.storyboard;
			sourceTree = "<group>";
		};
/* End PBXVariantGroup section */

/* Begin XCBuildConfiguration section */
		B89F69C624B6663A00472067 /* Debug */ = {
			isa = XCBuildConfiguration;
			buildSettings = {
				ALWAYS_SEARCH_USER_PATHS = NO;
				CLANG_ANALYZER_NONNULL = YES;
				CLANG_ANALYZER_NUMBER_OBJECT_CONVERSION = YES_AGGRESSIVE;
				CLANG_CXX_LANGUAGE_STANDARD = "gnu++14";
				CLANG_CXX_LIBRARY = "libc++";
				CLANG_ENABLE_MODULES = YES;
				CLANG_ENABLE_OBJC_ARC = YES;
				CLANG_ENABLE_OBJC_WEAK = YES;
				CLANG_WARN_BLOCK_CAPTURE_AUTORELEASING = YES;
				CLANG_WARN_BOOL_CONVERSION = YES;
				CLANG_WARN_COMMA = YES;
				CLANG_WARN_CONSTANT_CONVERSION = YES;
				CLANG_WARN_DEPRECATED_OBJC_IMPLEMENTATIONS = YES;
				CLANG_WARN_DIRECT_OBJC_ISA_USAGE = YES_ERROR;
				CLANG_WARN_DOCUMENTATION_COMMENTS = YES;
				CLANG_WARN_EMPTY_BODY = YES;
				CLANG_WARN_ENUM_CONVERSION = YES;
				CLANG_WARN_INFINITE_RECURSION = YES;
				CLANG_WARN_INT_CONVERSION = YES;
				CLANG_WARN_NON_LITERAL_NULL_CONVERSION = YES;
				CLANG_WARN_OBJC_IMPLICIT_RETAIN_SELF = YES;
				CLANG_WARN_OBJC_LITERAL_CONVERSION = YES;
				CLANG_WARN_OBJC_ROOT_CLASS = YES_ERROR;
				CLANG_WARN_RANGE_LOOP_ANALYSIS = YES;
				CLANG_WARN_STRICT_PROTOTYPES = YES;
				CLANG_WARN_SUSPICIOUS_MOVE = YES;
				CLANG_WARN_UNGUARDED_AVAILABILITY = YES_AGGRESSIVE;
				CLANG_WARN_UNREACHABLE_CODE = YES;
				CLANG_WARN__DUPLICATE_METHOD_MATCH = YES;
				COPY_PHASE_STRIP = NO;
				DEBUG_INFORMATION_FORMAT = dwarf;
				ENABLE_STRICT_OBJC_MSGSEND = YES;
				ENABLE_TESTABILITY = YES;
				GCC_C_LANGUAGE_STANDARD = gnu11;
				GCC_DYNAMIC_NO_PIC = NO;
				GCC_NO_COMMON_BLOCKS = YES;
				GCC_OPTIMIZATION_LEVEL = 0;
				GCC_PREPROCESSOR_DEFINITIONS = (
					"DEBUG=1",
					"$(inherited)",
				);
				GCC_WARN_64_TO_32_BIT_CONVERSION = YES;
				GCC_WARN_ABOUT_RETURN_TYPE = YES_ERROR;
				GCC_WARN_UNDECLARED_SELECTOR = YES;
				GCC_WARN_UNINITIALIZED_AUTOS = YES_AGGRESSIVE;
				GCC_WARN_UNUSED_FUNCTION = YES;
				GCC_WARN_UNUSED_VARIABLE = YES;
				IPHONEOS_DEPLOYMENT_TARGET = 13.5;
				MTL_ENABLE_DEBUG_INFO = INCLUDE_SOURCE;
				MTL_FAST_MATH = YES;
				ONLY_ACTIVE_ARCH = YES;
				SDKROOT = iphoneos;
				SWIFT_ACTIVE_COMPILATION_CONDITIONS = DEBUG;
				SWIFT_OPTIMIZATION_LEVEL = "-Onone";
			};
			name = Debug;
		};
		B89F69C724B6663A00472067 /* Release */ = {
			isa = XCBuildConfiguration;
			buildSettings = {
				ALWAYS_SEARCH_USER_PATHS = NO;
				CLANG_ANALYZER_NONNULL = YES;
				CLANG_ANALYZER_NUMBER_OBJECT_CONVERSION = YES_AGGRESSIVE;
				CLANG_CXX_LANGUAGE_STANDARD = "gnu++14";
				CLANG_CXX_LIBRARY = "libc++";
				CLANG_ENABLE_MODULES = YES;
				CLANG_ENABLE_OBJC_ARC = YES;
				CLANG_ENABLE_OBJC_WEAK = YES;
				CLANG_WARN_BLOCK_CAPTURE_AUTORELEASING = YES;
				CLANG_WARN_BOOL_CONVERSION = YES;
				CLANG_WARN_COMMA = YES;
				CLANG_WARN_CONSTANT_CONVERSION = YES;
				CLANG_WARN_DEPRECATED_OBJC_IMPLEMENTATIONS = YES;
				CLANG_WARN_DIRECT_OBJC_ISA_USAGE = YES_ERROR;
				CLANG_WARN_DOCUMENTATION_COMMENTS = YES;
				CLANG_WARN_EMPTY_BODY = YES;
				CLANG_WARN_ENUM_CONVERSION = YES;
				CLANG_WARN_INFINITE_RECURSION = YES;
				CLANG_WARN_INT_CONVERSION = YES;
				CLANG_WARN_NON_LITERAL_NULL_CONVERSION = YES;
				CLANG_WARN_OBJC_IMPLICIT_RETAIN_SELF = YES;
				CLANG_WARN_OBJC_LITERAL_CONVERSION = YES;
				CLANG_WARN_OBJC_ROOT_CLASS = YES_ERROR;
				CLANG_WARN_RANGE_LOOP_ANALYSIS = YES;
				CLANG_WARN_STRICT_PROTOTYPES = YES;
				CLANG_WARN_SUSPICIOUS_MOVE = YES;
				CLANG_WARN_UNGUARDED_AVAILABILITY = YES_AGGRESSIVE;
				CLANG_WARN_UNREACHABLE_CODE = YES;
				CLANG_WARN__DUPLICATE_METHOD_MATCH = YES;
				COPY_PHASE_STRIP = NO;
				DEBUG_INFORMATION_FORMAT = "dwarf-with-dsym";
				ENABLE_NS_ASSERTIONS = NO;
				ENABLE_STRICT_OBJC_MSGSEND = YES;
				GCC_C_LANGUAGE_STANDARD = gnu11;
				GCC_NO_COMMON_BLOCKS = YES;
				GCC_WARN_64_TO_32_BIT_CONVERSION = YES;
				GCC_WARN_ABOUT_RETURN_TYPE = YES_ERROR;
				GCC_WARN_UNDECLARED_SELECTOR = YES;
				GCC_WARN_UNINITIALIZED_AUTOS = YES_AGGRESSIVE;
				GCC_WARN_UNUSED_FUNCTION = YES;
				GCC_WARN_UNUSED_VARIABLE = YES;
				IPHONEOS_DEPLOYMENT_TARGET = 13.5;
				MTL_ENABLE_DEBUG_INFO = NO;
				MTL_FAST_MATH = YES;
				SDKROOT = iphoneos;
				SWIFT_COMPILATION_MODE = wholemodule;
				SWIFT_OPTIMIZATION_LEVEL = "-O";
				VALIDATE_PRODUCT = YES;
			};
			name = Release;
		};
		B89F69C924B6663A00472067 /* Debug */ = {
			isa = XCBuildConfiguration;
			buildSettings = {
				ASSETCATALOG_COMPILER_APPICON_NAME = AppIcon;
				CODE_SIGN_STYLE = Automatic;
				DEVELOPMENT_TEAM = LNM9247SFR;
				FRAMEWORK_SEARCH_PATHS = (
					"$(inherited)",
					"$(PROJECT_DIR)/Carthage/Build/iOS",
				);
				INFOPLIST_FILE = "Punch-Line/Resources/Info.plist";
				IPHONEOS_DEPLOYMENT_TARGET = 13.0;
				LD_RUNPATH_SEARCH_PATHS = (
					"$(inherited)",
					"@executable_path/Frameworks",
				);
				PRODUCT_BUNDLE_IDENTIFIER = com.bdl.punchline;
				PRODUCT_NAME = "$(TARGET_NAME)";
				SWIFT_VERSION = 5.0;
				TARGETED_DEVICE_FAMILY = 1;
			};
			name = Debug;
		};
		B89F69CA24B6663A00472067 /* Release */ = {
			isa = XCBuildConfiguration;
			buildSettings = {
				ASSETCATALOG_COMPILER_APPICON_NAME = AppIcon;
				CODE_SIGN_STYLE = Automatic;
				DEVELOPMENT_TEAM = LNM9247SFR;
				FRAMEWORK_SEARCH_PATHS = (
					"$(inherited)",
					"$(PROJECT_DIR)/Carthage/Build/iOS",
				);
				INFOPLIST_FILE = "Punch-Line/Resources/Info.plist";
				IPHONEOS_DEPLOYMENT_TARGET = 13.0;
				LD_RUNPATH_SEARCH_PATHS = (
					"$(inherited)",
					"@executable_path/Frameworks",
				);
				PRODUCT_BUNDLE_IDENTIFIER = com.bdl.punchline;
				PRODUCT_NAME = "$(TARGET_NAME)";
				SWIFT_VERSION = 5.0;
				TARGETED_DEVICE_FAMILY = 1;
			};
			name = Release;
		};
/* End XCBuildConfiguration section */

/* Begin XCConfigurationList section */
		B89F69AD24B6663800472067 /* Build configuration list for PBXProject "Punch-Line" */ = {
			isa = XCConfigurationList;
			buildConfigurations = (
				B89F69C624B6663A00472067 /* Debug */,
				B89F69C724B6663A00472067 /* Release */,
			);
			defaultConfigurationIsVisible = 0;
			defaultConfigurationName = Release;
		};
		B89F69C824B6663A00472067 /* Build configuration list for PBXNativeTarget "Punch-Line" */ = {
			isa = XCConfigurationList;
			buildConfigurations = (
				B89F69C924B6663A00472067 /* Debug */,
				B89F69CA24B6663A00472067 /* Release */,
			);
			defaultConfigurationIsVisible = 0;
			defaultConfigurationName = Release;
		};
/* End XCConfigurationList section */
	};
	rootObject = B89F69AA24B6663800472067 /* Project object */;
}
