// !$*UTF8*$!
{
	archiveVersion = 1;
	classes = {
	};
	objectVersion = 50;
	objects = {

/* Begin PBXBuildFile section */
		B808CC3824B912EB00B39432 /* Joke.swift in Sources */ = {isa = PBXBuildFile; fileRef = B808CC3724B912EB00B39432 /* Joke.swift */; };
		B808CC3C24B94FA200B39432 /* StyleManager.swift in Sources */ = {isa = PBXBuildFile; fileRef = B808CC3B24B94FA200B39432 /* StyleManager.swift */; };
		B808CC4124B9583F00B39432 /* Punchline+ActivityFeedViewController.swift in Sources */ = {isa = PBXBuildFile; fileRef = B808CC4024B9583F00B39432 /* Punchline+ActivityFeedViewController.swift */; };
		B808CC4324B9584500B39432 /* Setup+ActivityFeedViewController.swift in Sources */ = {isa = PBXBuildFile; fileRef = B808CC4224B9584500B39432 /* Setup+ActivityFeedViewController.swift */; };
		B808CC4524B9584800B39432 /* Vote+ActivityFeedViewController.swift in Sources */ = {isa = PBXBuildFile; fileRef = B808CC4424B9584800B39432 /* Vote+ActivityFeedViewController.swift */; };
		B848503324BB66B3006EEE02 /* PunchLineEditor.storyboard in Resources */ = {isa = PBXBuildFile; fileRef = B848503224BB66B3006EEE02 /* PunchLineEditor.storyboard */; };
		B848503524BB66C5006EEE02 /* PunchLineEditorViewController.swift in Sources */ = {isa = PBXBuildFile; fileRef = B848503424BB66C5006EEE02 /* PunchLineEditorViewController.swift */; };
		B848503824BB691C006EEE02 /* ActivityFeedViewModel.swift in Sources */ = {isa = PBXBuildFile; fileRef = B848503724BB691C006EEE02 /* ActivityFeedViewModel.swift */; };
		B848503C24BB7077006EEE02 /* Setup+TextViewDelegate.swift in Sources */ = {isa = PBXBuildFile; fileRef = B848503B24BB7077006EEE02 /* Setup+TextViewDelegate.swift */; };
		B848503E24BB7D70006EEE02 /* ActivityFeedViewController.swift in Sources */ = {isa = PBXBuildFile; fileRef = B848503D24BB7D70006EEE02 /* ActivityFeedViewController.swift */; };
		B850D8F724B988DB0011077D /* PunchLineList+TableViewDelegate.swift in Sources */ = {isa = PBXBuildFile; fileRef = B850D8F624B988DB0011077D /* PunchLineList+TableViewDelegate.swift */; };
		B850D8F924B988EC0011077D /* PunchLineList+TableViewDataSource.swift in Sources */ = {isa = PBXBuildFile; fileRef = B850D8F824B988EC0011077D /* PunchLineList+TableViewDataSource.swift */; };
		B850D8FB24B9897A0011077D /* PunchLineTableViewCell.swift in Sources */ = {isa = PBXBuildFile; fileRef = B850D8FA24B9897A0011077D /* PunchLineTableViewCell.swift */; };
		B854589224BA97F900723E26 /* CoreLocationManager.swift in Sources */ = {isa = PBXBuildFile; fileRef = B854589124BA97F900723E26 /* CoreLocationManager.swift */; };
		B854589624BAA6D400723E26 /* PunchLineList+CLLocationManagerDelegate.swift in Sources */ = {isa = PBXBuildFile; fileRef = B854589524BAA6D400723E26 /* PunchLineList+CLLocationManagerDelegate.swift */; };
		B866553724BAAF0900DD694F /* PunchLineLauncher.swift in Sources */ = {isa = PBXBuildFile; fileRef = B866553624BAAF0900DD694F /* PunchLineLauncher.swift */; };
		B866553A24BABEA900DD694F /* PunchLineListViewModel.swift in Sources */ = {isa = PBXBuildFile; fileRef = B866553924BABEA900DD694F /* PunchLineListViewModel.swift */; };
		B8722DB9251A7EDA00B513E1 /* SceneDelegate.swift in Sources */ = {isa = PBXBuildFile; fileRef = B8722DB8251A7EDA00B513E1 /* SceneDelegate.swift */; };
		B89CF24124B8BBC70009A8CB /* UserInfo.swift in Sources */ = {isa = PBXBuildFile; fileRef = B89CF24024B8BBC70009A8CB /* UserInfo.swift */; };
		B89F69B624B6663800472067 /* AppDelegate.swift in Sources */ = {isa = PBXBuildFile; fileRef = B89F69B524B6663800472067 /* AppDelegate.swift */; };
		B89F69BF24B6663800472067 /* Main.storyboard in Resources */ = {isa = PBXBuildFile; fileRef = B89F69BD24B6663800472067 /* Main.storyboard */; };
		B89F69C124B6663A00472067 /* Assets.xcassets in Resources */ = {isa = PBXBuildFile; fileRef = B89F69C024B6663A00472067 /* Assets.xcassets */; };
		B89F69C424B6663A00472067 /* LaunchScreen.storyboard in Resources */ = {isa = PBXBuildFile; fileRef = B89F69C224B6663A00472067 /* LaunchScreen.storyboard */; };
		B89F69D324B6682E00472067 /* Setup.storyboard in Resources */ = {isa = PBXBuildFile; fileRef = B89F69D224B6682E00472067 /* Setup.storyboard */; };
		B89F69D524B6687100472067 /* Punchline.storyboard in Resources */ = {isa = PBXBuildFile; fileRef = B89F69D424B6687100472067 /* Punchline.storyboard */; };
		B89F69D724B668A800472067 /* Vote.storyboard in Resources */ = {isa = PBXBuildFile; fileRef = B89F69D624B668A800472067 /* Vote.storyboard */; };
		B89F69D924B6694900472067 /* JokeList.storyboard in Resources */ = {isa = PBXBuildFile; fileRef = B89F69D824B6694900472067 /* JokeList.storyboard */; };
		B89F69DB24B66A7E00472067 /* JokeDetail.storyboard in Resources */ = {isa = PBXBuildFile; fileRef = B89F69DA24B66A7E00472067 /* JokeDetail.storyboard */; };
		B89F69DD24B674D600472067 /* VoteViewController.swift in Sources */ = {isa = PBXBuildFile; fileRef = B89F69DC24B674D600472067 /* VoteViewController.swift */; };
		B89F69E124B6752400472067 /* PunchlineViewController.swift in Sources */ = {isa = PBXBuildFile; fileRef = B89F69E024B6752400472067 /* PunchlineViewController.swift */; };
		B89F69E324B6753600472067 /* SetupViewController.swift in Sources */ = {isa = PBXBuildFile; fileRef = B89F69E224B6753600472067 /* SetupViewController.swift */; };
		B89F69E524B6755900472067 /* JokeLookupViewController.swift in Sources */ = {isa = PBXBuildFile; fileRef = B89F69E424B6755900472067 /* JokeLookupViewController.swift */; };
		B89F69E724B6757000472067 /* JokeDetailViewController.swift in Sources */ = {isa = PBXBuildFile; fileRef = B89F69E624B6757000472067 /* JokeDetailViewController.swift */; };
		B89F69E924B6759A00472067 /* Profile.storyboard in Resources */ = {isa = PBXBuildFile; fileRef = B89F69E824B6759A00472067 /* Profile.storyboard */; };
		B89F69EB24B675AA00472067 /* ProfileViewController.swift in Sources */ = {isa = PBXBuildFile; fileRef = B89F69EA24B675AA00472067 /* ProfileViewController.swift */; };
		B89F69EE24B675DA00472067 /* MainTabBarController.swift in Sources */ = {isa = PBXBuildFile; fileRef = B89F69ED24B675DA00472067 /* MainTabBarController.swift */; };
		B89F69FD24B7EA9F00472067 /* Constants.swift in Sources */ = {isa = PBXBuildFile; fileRef = B89F69FC24B7EA9F00472067 /* Constants.swift */; };
		B89F69FF24B7ED0800472067 /* GetStarted.storyboard in Resources */ = {isa = PBXBuildFile; fileRef = B89F69FE24B7ED0800472067 /* GetStarted.storyboard */; };
		B89F6A0124B7ED1C00472067 /* GetStartedViewController.swift in Sources */ = {isa = PBXBuildFile; fileRef = B89F6A0024B7ED1C00472067 /* GetStartedViewController.swift */; };
		B89F6A1124B80AEE00472067 /* UITextField+AddBottomBorder.swift in Sources */ = {isa = PBXBuildFile; fileRef = B89F6A1024B80AEE00472067 /* UITextField+AddBottomBorder.swift */; };
		B89F6A1524B80CE500472067 /* CloudKitManager.swift in Sources */ = {isa = PBXBuildFile; fileRef = B89F6A1424B80CE500472067 /* CloudKitManager.swift */; };
		B8A58FF124B982360007B744 /* PunchLineListViewController.swift in Sources */ = {isa = PBXBuildFile; fileRef = B8A58FF024B982360007B744 /* PunchLineListViewController.swift */; };
		B8A58FF524B983AA0007B744 /* Activity.storyboard in Resources */ = {isa = PBXBuildFile; fileRef = B8A58FF424B983AA0007B744 /* Activity.storyboard */; };
		B8A58FF824B986C90007B744 /* CustomPunchLine.swift in Sources */ = {isa = PBXBuildFile; fileRef = B8A58FF724B986C90007B744 /* CustomPunchLine.swift */; };
		B8B6A9AF28D23C1E005C67EA /* PublicScope.swift in Sources */ = {isa = PBXBuildFile; fileRef = B8B6A9AE28D23C1E005C67EA /* PublicScope.swift */; };
		B8B6A9B128D26FD1005C67EA /* UIViewController+Alerts.swift in Sources */ = {isa = PBXBuildFile; fileRef = B8B6A9B028D26FD1005C67EA /* UIViewController+Alerts.swift */; };
		B8B6A9B628D289F9005C67EA /* UsernameViewController.swift in Sources */ = {isa = PBXBuildFile; fileRef = B8B6A9B328D289F9005C67EA /* UsernameViewController.swift */; };
		B8B6A9B728D289F9005C67EA /* Username+UITextFieldDelegate.swift in Sources */ = {isa = PBXBuildFile; fileRef = B8B6A9B428D289F9005C67EA /* Username+UITextFieldDelegate.swift */; };
		B8B6A9B828D289F9005C67EA /* Username.storyboard in Resources */ = {isa = PBXBuildFile; fileRef = B8B6A9B528D289F9005C67EA /* Username.storyboard */; };
		B8B6A9BA28D29E96005C67EA /* FavoriteJoke.swift in Sources */ = {isa = PBXBuildFile; fileRef = B8B6A9B928D29E96005C67EA /* FavoriteJoke.swift */; };
		B8B6A9BE28D51454005C67EA /* ProfileCellActionDelegate.swift in Sources */ = {isa = PBXBuildFile; fileRef = B8B6A9BD28D51454005C67EA /* ProfileCellActionDelegate.swift */; };
		B8B6A9C028D51564005C67EA /* Profile+CellActionDelegate.swift in Sources */ = {isa = PBXBuildFile; fileRef = B8B6A9BF28D51564005C67EA /* Profile+CellActionDelegate.swift */; };
		B8B6A9C328DE503F005C67EA /* Setup.swift in Sources */ = {isa = PBXBuildFile; fileRef = B8B6A9C228DE503F005C67EA /* Setup.swift */; };
		B8B6A9C528DE5762005C67EA /* String+RemovingSpaces.swift in Sources */ = {isa = PBXBuildFile; fileRef = B8B6A9C428DE5762005C67EA /* String+RemovingSpaces.swift */; };
		B8B6A9C928DE662D005C67EA /* Userbase.swift in Sources */ = {isa = PBXBuildFile; fileRef = B8B6A9C828DE662D005C67EA /* Userbase.swift */; };
		B8CDC13024B9904D000C8B64 /* NewPunchLineTableViewCell.swift in Sources */ = {isa = PBXBuildFile; fileRef = B8CDC12F24B9904D000C8B64 /* NewPunchLineTableViewCell.swift */; };
		B8CDC13224BA283E000C8B64 /* UIColor+CustomColors.swift in Sources */ = {isa = PBXBuildFile; fileRef = B8CDC13124BA283E000C8B64 /* UIColor+CustomColors.swift */; };
		B8CDC13424BA3224000C8B64 /* PublicPunchLine.swift in Sources */ = {isa = PBXBuildFile; fileRef = B8CDC13324BA3224000C8B64 /* PublicPunchLine.swift */; };
		B8CDC13724BA3239000C8B64 /* PunchLine.swift in Sources */ = {isa = PBXBuildFile; fileRef = B8CDC13624BA3239000C8B64 /* PunchLine.swift */; };
		B8D8F8B424BA518200BBEBB1 /* AppSessionManager.swift in Sources */ = {isa = PBXBuildFile; fileRef = B8D8F8B324BA518200BBEBB1 /* AppSessionManager.swift */; };
		B8DDF34D24BB8ECA008E0328 /* ProfileJokeHistoryTableViewCell.swift in Sources */ = {isa = PBXBuildFile; fileRef = B8DDF34C24BB8ECA008E0328 /* ProfileJokeHistoryTableViewCell.swift */; };
		B8DDF34F24BB8ED8008E0328 /* ProfileToggleSettingTableViewCell.swift in Sources */ = {isa = PBXBuildFile; fileRef = B8DDF34E24BB8ED8008E0328 /* ProfileToggleSettingTableViewCell.swift */; };
		B8EA41DA24BBAE2700D52A1B /* JokeList+TableViewDelegate.swift in Sources */ = {isa = PBXBuildFile; fileRef = B8EA41D924BBAE2700D52A1B /* JokeList+TableViewDelegate.swift */; };
		B8EA41DC24BBAE3200D52A1B /* JokeList+TableViewDataSource.swift in Sources */ = {isa = PBXBuildFile; fileRef = B8EA41DB24BBAE3200D52A1B /* JokeList+TableViewDataSource.swift */; };
		B8EABB8624B8278A00A46443 /* NavigationManager.swift in Sources */ = {isa = PBXBuildFile; fileRef = B8EABB8524B8278A00A46443 /* NavigationManager.swift */; };
		B8EABB8A24B8477D00A46443 /* ActivityFeedManager.swift in Sources */ = {isa = PBXBuildFile; fileRef = B8EABB8924B8477D00A46443 /* ActivityFeedManager.swift */; };
		B8EABB8C24B847D900A46443 /* ActivityContainerViewController.swift in Sources */ = {isa = PBXBuildFile; fileRef = B8EABB8B24B847D900A46443 /* ActivityContainerViewController.swift */; };
		B8F1EF4C24BB9133006E7264 /* Profile+TableViewDelegate.swift in Sources */ = {isa = PBXBuildFile; fileRef = B8F1EF4B24BB9133006E7264 /* Profile+TableViewDelegate.swift */; };
		B8F1EF4E24BB9142006E7264 /* Profile+TableViewDataSource.swift in Sources */ = {isa = PBXBuildFile; fileRef = B8F1EF4D24BB9142006E7264 /* Profile+TableViewDataSource.swift */; };
		B8F1EF5024BBA731006E7264 /* JokeListViewController.swift in Sources */ = {isa = PBXBuildFile; fileRef = B8F1EF4F24BBA731006E7264 /* JokeListViewController.swift */; };
/* End PBXBuildFile section */

/* Begin PBXFileReference section */
		B808CC3724B912EB00B39432 /* Joke.swift */ = {isa = PBXFileReference; lastKnownFileType = sourcecode.swift; path = Joke.swift; sourceTree = "<group>"; };
		B808CC3B24B94FA200B39432 /* StyleManager.swift */ = {isa = PBXFileReference; lastKnownFileType = sourcecode.swift; path = StyleManager.swift; sourceTree = "<group>"; };
		B808CC4024B9583F00B39432 /* Punchline+ActivityFeedViewController.swift */ = {isa = PBXFileReference; lastKnownFileType = sourcecode.swift; path = "Punchline+ActivityFeedViewController.swift"; sourceTree = "<group>"; };
		B808CC4224B9584500B39432 /* Setup+ActivityFeedViewController.swift */ = {isa = PBXFileReference; lastKnownFileType = sourcecode.swift; path = "Setup+ActivityFeedViewController.swift"; sourceTree = "<group>"; };
		B808CC4424B9584800B39432 /* Vote+ActivityFeedViewController.swift */ = {isa = PBXFileReference; lastKnownFileType = sourcecode.swift; path = "Vote+ActivityFeedViewController.swift"; sourceTree = "<group>"; };
		B848503224BB66B3006EEE02 /* PunchLineEditor.storyboard */ = {isa = PBXFileReference; lastKnownFileType = file.storyboard; path = PunchLineEditor.storyboard; sourceTree = "<group>"; };
		B848503424BB66C5006EEE02 /* PunchLineEditorViewController.swift */ = {isa = PBXFileReference; lastKnownFileType = sourcecode.swift; path = PunchLineEditorViewController.swift; sourceTree = "<group>"; };
		B848503724BB691C006EEE02 /* ActivityFeedViewModel.swift */ = {isa = PBXFileReference; lastKnownFileType = sourcecode.swift; path = ActivityFeedViewModel.swift; sourceTree = "<group>"; };
		B848503B24BB7077006EEE02 /* Setup+TextViewDelegate.swift */ = {isa = PBXFileReference; lastKnownFileType = sourcecode.swift; path = "Setup+TextViewDelegate.swift"; sourceTree = "<group>"; };
		B848503D24BB7D70006EEE02 /* ActivityFeedViewController.swift */ = {isa = PBXFileReference; lastKnownFileType = sourcecode.swift; path = ActivityFeedViewController.swift; sourceTree = "<group>"; };
		B850D8F624B988DB0011077D /* PunchLineList+TableViewDelegate.swift */ = {isa = PBXFileReference; lastKnownFileType = sourcecode.swift; path = "PunchLineList+TableViewDelegate.swift"; sourceTree = "<group>"; };
		B850D8F824B988EC0011077D /* PunchLineList+TableViewDataSource.swift */ = {isa = PBXFileReference; lastKnownFileType = sourcecode.swift; path = "PunchLineList+TableViewDataSource.swift"; sourceTree = "<group>"; };
		B850D8FA24B9897A0011077D /* PunchLineTableViewCell.swift */ = {isa = PBXFileReference; lastKnownFileType = sourcecode.swift; path = PunchLineTableViewCell.swift; sourceTree = "<group>"; };
		B854589124BA97F900723E26 /* CoreLocationManager.swift */ = {isa = PBXFileReference; lastKnownFileType = sourcecode.swift; path = CoreLocationManager.swift; sourceTree = "<group>"; };
		B854589524BAA6D400723E26 /* PunchLineList+CLLocationManagerDelegate.swift */ = {isa = PBXFileReference; lastKnownFileType = sourcecode.swift; path = "PunchLineList+CLLocationManagerDelegate.swift"; sourceTree = "<group>"; };
		B866553624BAAF0900DD694F /* PunchLineLauncher.swift */ = {isa = PBXFileReference; lastKnownFileType = sourcecode.swift; path = PunchLineLauncher.swift; sourceTree = "<group>"; };
		B866553924BABEA900DD694F /* PunchLineListViewModel.swift */ = {isa = PBXFileReference; lastKnownFileType = sourcecode.swift; path = PunchLineListViewModel.swift; sourceTree = "<group>"; };
		B8722DB8251A7EDA00B513E1 /* SceneDelegate.swift */ = {isa = PBXFileReference; lastKnownFileType = sourcecode.swift; path = SceneDelegate.swift; sourceTree = "<group>"; };
		B89CF24024B8BBC70009A8CB /* UserInfo.swift */ = {isa = PBXFileReference; lastKnownFileType = sourcecode.swift; path = UserInfo.swift; sourceTree = "<group>"; };
		B89F69B224B6663800472067 /* Punch-Line.app */ = {isa = PBXFileReference; explicitFileType = wrapper.application; includeInIndex = 0; path = "Punch-Line.app"; sourceTree = BUILT_PRODUCTS_DIR; };
		B89F69B524B6663800472067 /* AppDelegate.swift */ = {isa = PBXFileReference; lastKnownFileType = sourcecode.swift; path = AppDelegate.swift; sourceTree = "<group>"; };
		B89F69BE24B6663800472067 /* Base */ = {isa = PBXFileReference; lastKnownFileType = file.storyboard; name = Base; path = Base.lproj/Main.storyboard; sourceTree = "<group>"; };
		B89F69C024B6663A00472067 /* Assets.xcassets */ = {isa = PBXFileReference; lastKnownFileType = folder.assetcatalog; path = Assets.xcassets; sourceTree = "<group>"; };
		B89F69C324B6663A00472067 /* Base */ = {isa = PBXFileReference; lastKnownFileType = file.storyboard; name = Base; path = Base.lproj/LaunchScreen.storyboard; sourceTree = "<group>"; };
		B89F69C524B6663A00472067 /* Info.plist */ = {isa = PBXFileReference; lastKnownFileType = text.plist.xml; path = Info.plist; sourceTree = "<group>"; };
		B89F69D224B6682E00472067 /* Setup.storyboard */ = {isa = PBXFileReference; lastKnownFileType = file.storyboard; path = Setup.storyboard; sourceTree = "<group>"; };
		B89F69D424B6687100472067 /* Punchline.storyboard */ = {isa = PBXFileReference; lastKnownFileType = file.storyboard; path = Punchline.storyboard; sourceTree = "<group>"; };
		B89F69D624B668A800472067 /* Vote.storyboard */ = {isa = PBXFileReference; lastKnownFileType = file.storyboard; path = Vote.storyboard; sourceTree = "<group>"; };
		B89F69D824B6694900472067 /* JokeList.storyboard */ = {isa = PBXFileReference; lastKnownFileType = file.storyboard; path = JokeList.storyboard; sourceTree = "<group>"; };
		B89F69DA24B66A7E00472067 /* JokeDetail.storyboard */ = {isa = PBXFileReference; lastKnownFileType = file.storyboard; path = JokeDetail.storyboard; sourceTree = "<group>"; };
		B89F69DC24B674D600472067 /* VoteViewController.swift */ = {isa = PBXFileReference; lastKnownFileType = sourcecode.swift; path = VoteViewController.swift; sourceTree = "<group>"; };
		B89F69E024B6752400472067 /* PunchlineViewController.swift */ = {isa = PBXFileReference; lastKnownFileType = sourcecode.swift; path = PunchlineViewController.swift; sourceTree = "<group>"; };
		B89F69E224B6753600472067 /* SetupViewController.swift */ = {isa = PBXFileReference; lastKnownFileType = sourcecode.swift; path = SetupViewController.swift; sourceTree = "<group>"; };
		B89F69E424B6755900472067 /* JokeLookupViewController.swift */ = {isa = PBXFileReference; lastKnownFileType = sourcecode.swift; path = JokeLookupViewController.swift; sourceTree = "<group>"; };
		B89F69E624B6757000472067 /* JokeDetailViewController.swift */ = {isa = PBXFileReference; lastKnownFileType = sourcecode.swift; path = JokeDetailViewController.swift; sourceTree = "<group>"; };
		B89F69E824B6759A00472067 /* Profile.storyboard */ = {isa = PBXFileReference; lastKnownFileType = file.storyboard; path = Profile.storyboard; sourceTree = "<group>"; };
		B89F69EA24B675AA00472067 /* ProfileViewController.swift */ = {isa = PBXFileReference; lastKnownFileType = sourcecode.swift; path = ProfileViewController.swift; sourceTree = "<group>"; };
		B89F69ED24B675DA00472067 /* MainTabBarController.swift */ = {isa = PBXFileReference; lastKnownFileType = sourcecode.swift; path = MainTabBarController.swift; sourceTree = "<group>"; };
		B89F69FC24B7EA9F00472067 /* Constants.swift */ = {isa = PBXFileReference; lastKnownFileType = sourcecode.swift; path = Constants.swift; sourceTree = "<group>"; };
		B89F69FE24B7ED0800472067 /* GetStarted.storyboard */ = {isa = PBXFileReference; lastKnownFileType = file.storyboard; path = GetStarted.storyboard; sourceTree = "<group>"; };
		B89F6A0024B7ED1C00472067 /* GetStartedViewController.swift */ = {isa = PBXFileReference; lastKnownFileType = sourcecode.swift; path = GetStartedViewController.swift; sourceTree = "<group>"; };
		B89F6A1024B80AEE00472067 /* UITextField+AddBottomBorder.swift */ = {isa = PBXFileReference; lastKnownFileType = sourcecode.swift; path = "UITextField+AddBottomBorder.swift"; sourceTree = "<group>"; };
		B89F6A1424B80CE500472067 /* CloudKitManager.swift */ = {isa = PBXFileReference; lastKnownFileType = sourcecode.swift; path = CloudKitManager.swift; sourceTree = "<group>"; };
		B8A58FF024B982360007B744 /* PunchLineListViewController.swift */ = {isa = PBXFileReference; lastKnownFileType = sourcecode.swift; path = PunchLineListViewController.swift; sourceTree = "<group>"; };
		B8A58FF424B983AA0007B744 /* Activity.storyboard */ = {isa = PBXFileReference; lastKnownFileType = file.storyboard; path = Activity.storyboard; sourceTree = "<group>"; };
		B8A58FF724B986C90007B744 /* CustomPunchLine.swift */ = {isa = PBXFileReference; lastKnownFileType = sourcecode.swift; path = CustomPunchLine.swift; sourceTree = "<group>"; };
		B8B6A9AE28D23C1E005C67EA /* PublicScope.swift */ = {isa = PBXFileReference; lastKnownFileType = sourcecode.swift; path = PublicScope.swift; sourceTree = "<group>"; };
		B8B6A9B028D26FD1005C67EA /* UIViewController+Alerts.swift */ = {isa = PBXFileReference; lastKnownFileType = sourcecode.swift; path = "UIViewController+Alerts.swift"; sourceTree = "<group>"; };
		B8B6A9B328D289F9005C67EA /* UsernameViewController.swift */ = {isa = PBXFileReference; fileEncoding = 4; lastKnownFileType = sourcecode.swift; path = UsernameViewController.swift; sourceTree = "<group>"; };
		B8B6A9B428D289F9005C67EA /* Username+UITextFieldDelegate.swift */ = {isa = PBXFileReference; fileEncoding = 4; lastKnownFileType = sourcecode.swift; path = "Username+UITextFieldDelegate.swift"; sourceTree = "<group>"; };
		B8B6A9B528D289F9005C67EA /* Username.storyboard */ = {isa = PBXFileReference; fileEncoding = 4; lastKnownFileType = file.storyboard; path = Username.storyboard; sourceTree = "<group>"; };
		B8B6A9B928D29E96005C67EA /* FavoriteJoke.swift */ = {isa = PBXFileReference; fileEncoding = 4; lastKnownFileType = sourcecode.swift; path = FavoriteJoke.swift; sourceTree = "<group>"; };
		B8B6A9BD28D51454005C67EA /* ProfileCellActionDelegate.swift */ = {isa = PBXFileReference; lastKnownFileType = sourcecode.swift; path = ProfileCellActionDelegate.swift; sourceTree = "<group>"; };
		B8B6A9BF28D51564005C67EA /* Profile+CellActionDelegate.swift */ = {isa = PBXFileReference; lastKnownFileType = sourcecode.swift; path = "Profile+CellActionDelegate.swift"; sourceTree = "<group>"; };
		B8B6A9C228DE503F005C67EA /* Setup.swift */ = {isa = PBXFileReference; fileEncoding = 4; lastKnownFileType = sourcecode.swift; path = Setup.swift; sourceTree = "<group>"; };
		B8B6A9C428DE5762005C67EA /* String+RemovingSpaces.swift */ = {isa = PBXFileReference; fileEncoding = 4; lastKnownFileType = sourcecode.swift; path = "String+RemovingSpaces.swift"; sourceTree = "<group>"; };
		B8B6A9C828DE662D005C67EA /* Userbase.swift */ = {isa = PBXFileReference; fileEncoding = 4; lastKnownFileType = sourcecode.swift; path = Userbase.swift; sourceTree = "<group>"; };
		B8CDC12F24B9904D000C8B64 /* NewPunchLineTableViewCell.swift */ = {isa = PBXFileReference; lastKnownFileType = sourcecode.swift; path = NewPunchLineTableViewCell.swift; sourceTree = "<group>"; };
		B8CDC13124BA283E000C8B64 /* UIColor+CustomColors.swift */ = {isa = PBXFileReference; lastKnownFileType = sourcecode.swift; path = "UIColor+CustomColors.swift"; sourceTree = "<group>"; };
		B8CDC13324BA3224000C8B64 /* PublicPunchLine.swift */ = {isa = PBXFileReference; lastKnownFileType = sourcecode.swift; path = PublicPunchLine.swift; sourceTree = "<group>"; };
		B8CDC13624BA3239000C8B64 /* PunchLine.swift */ = {isa = PBXFileReference; lastKnownFileType = sourcecode.swift; path = PunchLine.swift; sourceTree = "<group>"; };
		B8D8F8B324BA518200BBEBB1 /* AppSessionManager.swift */ = {isa = PBXFileReference; lastKnownFileType = sourcecode.swift; path = AppSessionManager.swift; sourceTree = "<group>"; };
		B8DDF34C24BB8ECA008E0328 /* ProfileJokeHistoryTableViewCell.swift */ = {isa = PBXFileReference; lastKnownFileType = sourcecode.swift; path = ProfileJokeHistoryTableViewCell.swift; sourceTree = "<group>"; };
		B8DDF34E24BB8ED8008E0328 /* ProfileToggleSettingTableViewCell.swift */ = {isa = PBXFileReference; lastKnownFileType = sourcecode.swift; path = ProfileToggleSettingTableViewCell.swift; sourceTree = "<group>"; };
		B8EA41D924BBAE2700D52A1B /* JokeList+TableViewDelegate.swift */ = {isa = PBXFileReference; lastKnownFileType = sourcecode.swift; path = "JokeList+TableViewDelegate.swift"; sourceTree = "<group>"; };
		B8EA41DB24BBAE3200D52A1B /* JokeList+TableViewDataSource.swift */ = {isa = PBXFileReference; lastKnownFileType = sourcecode.swift; path = "JokeList+TableViewDataSource.swift"; sourceTree = "<group>"; };
		B8EABB8524B8278A00A46443 /* NavigationManager.swift */ = {isa = PBXFileReference; lastKnownFileType = sourcecode.swift; path = NavigationManager.swift; sourceTree = "<group>"; };
		B8EABB8924B8477D00A46443 /* ActivityFeedManager.swift */ = {isa = PBXFileReference; lastKnownFileType = sourcecode.swift; path = ActivityFeedManager.swift; sourceTree = "<group>"; };
		B8EABB8B24B847D900A46443 /* ActivityContainerViewController.swift */ = {isa = PBXFileReference; lastKnownFileType = sourcecode.swift; path = ActivityContainerViewController.swift; sourceTree = "<group>"; };
		B8EB448A253F544200383DF9 /* Punch-Line.entitlements */ = {isa = PBXFileReference; lastKnownFileType = text.plist.entitlements; path = "Punch-Line.entitlements"; sourceTree = "<group>"; };
		B8F1EF4B24BB9133006E7264 /* Profile+TableViewDelegate.swift */ = {isa = PBXFileReference; lastKnownFileType = sourcecode.swift; path = "Profile+TableViewDelegate.swift"; sourceTree = "<group>"; };
		B8F1EF4D24BB9142006E7264 /* Profile+TableViewDataSource.swift */ = {isa = PBXFileReference; lastKnownFileType = sourcecode.swift; path = "Profile+TableViewDataSource.swift"; sourceTree = "<group>"; };
		B8F1EF4F24BBA731006E7264 /* JokeListViewController.swift */ = {isa = PBXFileReference; lastKnownFileType = sourcecode.swift; path = JokeListViewController.swift; sourceTree = "<group>"; };
/* End PBXFileReference section */

/* Begin PBXFrameworksBuildPhase section */
		B89F69AF24B6663800472067 /* Frameworks */ = {
			isa = PBXFrameworksBuildPhase;
			buildActionMask = 2147483647;
			files = (
			);
			runOnlyForDeploymentPostprocessing = 0;
		};
/* End PBXFrameworksBuildPhase section */

/* Begin PBXGroup section */
		B808CC3D24B9581200B39432 /* Vote */ = {
			isa = PBXGroup;
			children = (
				B89F69D624B668A800472067 /* Vote.storyboard */,
				B89F69DC24B674D600472067 /* VoteViewController.swift */,
				B808CC4424B9584800B39432 /* Vote+ActivityFeedViewController.swift */,
			);
			path = Vote;
			sourceTree = "<group>";
		};
		B808CC3E24B9581F00B39432 /* Setup */ = {
			isa = PBXGroup;
			children = (
				B89F69D224B6682E00472067 /* Setup.storyboard */,
				B89F69E224B6753600472067 /* SetupViewController.swift */,
				B808CC4224B9584500B39432 /* Setup+ActivityFeedViewController.swift */,
				B848503B24BB7077006EEE02 /* Setup+TextViewDelegate.swift */,
			);
			path = Setup;
			sourceTree = "<group>";
		};
		B808CC3F24B9582400B39432 /* Punchline */ = {
			isa = PBXGroup;
			children = (
				B89F69D424B6687100472067 /* Punchline.storyboard */,
				B89F69E024B6752400472067 /* PunchlineViewController.swift */,
				B808CC4024B9583F00B39432 /* Punchline+ActivityFeedViewController.swift */,
			);
			path = Punchline;
			sourceTree = "<group>";
		};
		B80D3E8E27AAEF4E0095D777 /* Get Started */ = {
			isa = PBXGroup;
			children = (
				B89F6A0024B7ED1C00472067 /* GetStartedViewController.swift */,
				B89F69FE24B7ED0800472067 /* GetStarted.storyboard */,
			);
			path = "Get Started";
			sourceTree = "<group>";
		};
		B80D3E8F27AAEF600095D777 /* JokeDetail */ = {
			isa = PBXGroup;
			children = (
				B89F69DA24B66A7E00472067 /* JokeDetail.storyboard */,
				B89F69E624B6757000472067 /* JokeDetailViewController.swift */,
			);
			path = JokeDetail;
			sourceTree = "<group>";
		};
		B80D3E9127AAEFA60095D777 /* Main */ = {
			isa = PBXGroup;
			children = (
				B89F69E424B6755900472067 /* JokeLookupViewController.swift */,
				B89F69ED24B675DA00472067 /* MainTabBarController.swift */,
				B89F69BD24B6663800472067 /* Main.storyboard */,
			);
			path = Main;
			sourceTree = "<group>";
		};
		B80D3E9327AAF0AE0095D777 /* Project Delegates */ = {
			isa = PBXGroup;
			children = (
				B89F69B524B6663800472067 /* AppDelegate.swift */,
				B8722DB8251A7EDA00B513E1 /* SceneDelegate.swift */,
			);
			path = "Project Delegates";
			sourceTree = "<group>";
		};
		B848503624BB68A6006EEE02 /* Activity */ = {
			isa = PBXGroup;
			children = (
				B848503224BB66B3006EEE02 /* PunchLineEditor.storyboard */,
				B8A58FF424B983AA0007B744 /* Activity.storyboard */,
				B848503424BB66C5006EEE02 /* PunchLineEditorViewController.swift */,
				B848503D24BB7D70006EEE02 /* ActivityFeedViewController.swift */,
				B8EABB8B24B847D900A46443 /* ActivityContainerViewController.swift */,
				B848503724BB691C006EEE02 /* ActivityFeedViewModel.swift */,
				B808CC3F24B9582400B39432 /* Punchline */,
				B808CC3E24B9581F00B39432 /* Setup */,
				B808CC3D24B9581200B39432 /* Vote */,
			);
			path = Activity;
			sourceTree = "<group>";
		};
		B850D8F524B988C30011077D /* PunchLineList */ = {
			isa = PBXGroup;
			children = (
				B854589524BAA6D400723E26 /* PunchLineList+CLLocationManagerDelegate.swift */,
				B8A58FF024B982360007B744 /* PunchLineListViewController.swift */,
				B850D8F624B988DB0011077D /* PunchLineList+TableViewDelegate.swift */,
				B850D8F824B988EC0011077D /* PunchLineList+TableViewDataSource.swift */,
				B850D8FA24B9897A0011077D /* PunchLineTableViewCell.swift */,
				B8CDC12F24B9904D000C8B64 /* NewPunchLineTableViewCell.swift */,
				B866553924BABEA900DD694F /* PunchLineListViewModel.swift */,
			);
			path = PunchLineList;
			sourceTree = "<group>";
		};
		B866553824BAAFCD00DD694F /* User */ = {
			isa = PBXGroup;
			children = (
				B8B6A9C828DE662D005C67EA /* Userbase.swift */,
				B8B6A9B928D29E96005C67EA /* FavoriteJoke.swift */,
				B89CF24024B8BBC70009A8CB /* UserInfo.swift */,
			);
			path = User;
			sourceTree = "<group>";
		};
		B89F69A924B6663800472067 = {
			isa = PBXGroup;
			children = (
				B89F69B424B6663800472067 /* Punch-Line */,
				B89F69B324B6663800472067 /* Products */,
			);
			sourceTree = "<group>";
		};
		B89F69B324B6663800472067 /* Products */ = {
			isa = PBXGroup;
			children = (
				B89F69B224B6663800472067 /* Punch-Line.app */,
			);
			name = Products;
			sourceTree = "<group>";
		};
		B89F69B424B6663800472067 /* Punch-Line */ = {
			isa = PBXGroup;
			children = (
				B89F69D024B6670C00472067 /* Managers */,
				B89F69D124B6671100472067 /* Models */,
				B89F69CF24B666F200472067 /* Resources */,
				B89F69CE24B666E000472067 /* UI */,
				B89F6A0E24B80ACD00472067 /* Extensions */,
			);
			path = "Punch-Line";
			sourceTree = "<group>";
		};
		B89F69CE24B666E000472067 /* UI */ = {
			isa = PBXGroup;
			children = (
				B8B6A9B228D289E9005C67EA /* Username */,
				B848503624BB68A6006EEE02 /* Activity */,
				B80D3E8E27AAEF4E0095D777 /* Get Started */,
				B80D3E8F27AAEF600095D777 /* JokeDetail */,
				B8EA41D824BBAE1400D52A1B /* JokeList */,
				B80D3E9127AAEFA60095D777 /* Main */,
				B8DDF34B24BB8E38008E0328 /* Profile */,
				B850D8F524B988C30011077D /* PunchLineList */,
			);
			path = UI;
			sourceTree = "<group>";
		};
		B89F69CF24B666F200472067 /* Resources */ = {
			isa = PBXGroup;
			children = (
				B89F69C224B6663A00472067 /* LaunchScreen.storyboard */,
				B80D3E9327AAF0AE0095D777 /* Project Delegates */,
				B89F69C024B6663A00472067 /* Assets.xcassets */,
				B8EB448A253F544200383DF9 /* Punch-Line.entitlements */,
				B89F69C524B6663A00472067 /* Info.plist */,
				B89F69FC24B7EA9F00472067 /* Constants.swift */,
			);
			path = Resources;
			sourceTree = "<group>";
		};
		B89F69D024B6670C00472067 /* Managers */ = {
			isa = PBXGroup;
			children = (
				B8EABB8924B8477D00A46443 /* ActivityFeedManager.swift */,
				B8D8F8B324BA518200BBEBB1 /* AppSessionManager.swift */,
				B89F6A1424B80CE500472067 /* CloudKitManager.swift */,
				B854589124BA97F900723E26 /* CoreLocationManager.swift */,
				B8EABB8524B8278A00A46443 /* NavigationManager.swift */,
				B808CC3B24B94FA200B39432 /* StyleManager.swift */,
			);
			path = Managers;
			sourceTree = "<group>";
		};
		B89F69D124B6671100472067 /* Models */ = {
			isa = PBXGroup;
			children = (
				B8B6A9C128DE5021005C67EA /* Joke */,
				B866553824BAAFCD00DD694F /* User */,
				B8CDC13524BA3227000C8B64 /* PunchLine */,
			);
			path = Models;
			sourceTree = "<group>";
		};
		B89F6A0E24B80ACD00472067 /* Extensions */ = {
			isa = PBXGroup;
			children = (
				B8B6A9C428DE5762005C67EA /* String+RemovingSpaces.swift */,
				B8CDC13124BA283E000C8B64 /* UIColor+CustomColors.swift */,
				B89F6A1024B80AEE00472067 /* UITextField+AddBottomBorder.swift */,
				B8B6A9B028D26FD1005C67EA /* UIViewController+Alerts.swift */,
			);
			path = Extensions;
			sourceTree = "<group>";
		};
		B8B6A9B228D289E9005C67EA /* Username */ = {
			isa = PBXGroup;
			children = (
				B8B6A9B528D289F9005C67EA /* Username.storyboard */,
				B8B6A9B428D289F9005C67EA /* Username+UITextFieldDelegate.swift */,
				B8B6A9B328D289F9005C67EA /* UsernameViewController.swift */,
			);
			path = Username;
			sourceTree = "<group>";
		};
		B8B6A9C128DE5021005C67EA /* Joke */ = {
			isa = PBXGroup;
			children = (
				B808CC3724B912EB00B39432 /* Joke.swift */,
				B8B6A9C228DE503F005C67EA /* Setup.swift */,
			);
			path = Joke;
			sourceTree = "<group>";
		};
		B8CDC13524BA3227000C8B64 /* PunchLine */ = {
			isa = PBXGroup;
			children = (
				B866553624BAAF0900DD694F /* PunchLineLauncher.swift */,
				B8A58FF724B986C90007B744 /* CustomPunchLine.swift */,
				B8CDC13324BA3224000C8B64 /* PublicPunchLine.swift */,
				B8CDC13624BA3239000C8B64 /* PunchLine.swift */,
				B8B6A9AE28D23C1E005C67EA /* PublicScope.swift */,
			);
			path = PunchLine;
			sourceTree = "<group>";
		};
		B8DDF34B24BB8E38008E0328 /* Profile */ = {
			isa = PBXGroup;
			children = (
				B89F69E824B6759A00472067 /* Profile.storyboard */,
				B8B6A9BF28D51564005C67EA /* Profile+CellActionDelegate.swift */,
				B8F1EF4D24BB9142006E7264 /* Profile+TableViewDataSource.swift */,
				B8F1EF4B24BB9133006E7264 /* Profile+TableViewDelegate.swift */,
				B8B6A9BD28D51454005C67EA /* ProfileCellActionDelegate.swift */,
				B8DDF34C24BB8ECA008E0328 /* ProfileJokeHistoryTableViewCell.swift */,
				B8DDF34E24BB8ED8008E0328 /* ProfileToggleSettingTableViewCell.swift */,
				B89F69EA24B675AA00472067 /* ProfileViewController.swift */,
			);
			path = Profile;
			sourceTree = "<group>";
		};
		B8EA41D824BBAE1400D52A1B /* JokeList */ = {
			isa = PBXGroup;
			children = (
				B89F69D824B6694900472067 /* JokeList.storyboard */,
				B8F1EF4F24BBA731006E7264 /* JokeListViewController.swift */,
				B8EA41D924BBAE2700D52A1B /* JokeList+TableViewDelegate.swift */,
				B8EA41DB24BBAE3200D52A1B /* JokeList+TableViewDataSource.swift */,
			);
			path = JokeList;
			sourceTree = "<group>";
		};
/* End PBXGroup section */

/* Begin PBXNativeTarget section */
		B89F69B124B6663800472067 /* Punch-Line */ = {
			isa = PBXNativeTarget;
			buildConfigurationList = B89F69C824B6663A00472067 /* Build configuration list for PBXNativeTarget "Punch-Line" */;
			buildPhases = (
				B89F69AE24B6663800472067 /* Sources */,
				B89F69AF24B6663800472067 /* Frameworks */,
				B89F69B024B6663800472067 /* Resources */,
			);
			buildRules = (
			);
			dependencies = (
			);
			name = "Punch-Line";
			productName = "Punch-Line";
			productReference = B89F69B224B6663800472067 /* Punch-Line.app */;
			productType = "com.apple.product-type.application";
		};
/* End PBXNativeTarget section */

/* Begin PBXProject section */
		B89F69AA24B6663800472067 /* Project object */ = {
			isa = PBXProject;
			attributes = {
				LastSwiftUpdateCheck = 1150;
				LastUpgradeCheck = 1200;
				ORGANIZATIONNAME = "Bozo Design Labs";
				TargetAttributes = {
					B89F69B124B6663800472067 = {
						CreatedOnToolsVersion = 11.5;
					};
				};
			};
			buildConfigurationList = B89F69AD24B6663800472067 /* Build configuration list for PBXProject "Punch-Line" */;
			compatibilityVersion = "Xcode 9.3";
			developmentRegion = en;
			hasScannedForEncodings = 0;
			knownRegions = (
				en,
				Base,
			);
			mainGroup = B89F69A924B6663800472067;
			productRefGroup = B89F69B324B6663800472067 /* Products */;
			projectDirPath = "";
			projectRoot = "";
			targets = (
				B89F69B124B6663800472067 /* Punch-Line */,
			);
		};
/* End PBXProject section */

/* Begin PBXResourcesBuildPhase section */
		B89F69B024B6663800472067 /* Resources */ = {
			isa = PBXResourcesBuildPhase;
			buildActionMask = 2147483647;
			files = (
				B89F69D924B6694900472067 /* JokeList.storyboard in Resources */,
				B848503324BB66B3006EEE02 /* PunchLineEditor.storyboard in Resources */,
				B89F69D324B6682E00472067 /* Setup.storyboard in Resources */,
				B89F69FF24B7ED0800472067 /* GetStarted.storyboard in Resources */,
				B89F69C424B6663A00472067 /* LaunchScreen.storyboard in Resources */,
				B89F69C124B6663A00472067 /* Assets.xcassets in Resources */,
				B89F69BF24B6663800472067 /* Main.storyboard in Resources */,
				B8B6A9B828D289F9005C67EA /* Username.storyboard in Resources */,
				B89F69D524B6687100472067 /* Punchline.storyboard in Resources */,
				B89F69D724B668A800472067 /* Vote.storyboard in Resources */,
				B8A58FF524B983AA0007B744 /* Activity.storyboard in Resources */,
				B89F69DB24B66A7E00472067 /* JokeDetail.storyboard in Resources */,
				B89F69E924B6759A00472067 /* Profile.storyboard in Resources */,
			);
			runOnlyForDeploymentPostprocessing = 0;
		};
/* End PBXResourcesBuildPhase section */

/* Begin PBXSourcesBuildPhase section */
		B89F69AE24B6663800472067 /* Sources */ = {
			isa = PBXSourcesBuildPhase;
			buildActionMask = 2147483647;
			files = (
				B8EABB8A24B8477D00A46443 /* ActivityFeedManager.swift in Sources */,
				B808CC4524B9584800B39432 /* Vote+ActivityFeedViewController.swift in Sources */,
				B854589224BA97F900723E26 /* CoreLocationManager.swift in Sources */,
				B89F6A1124B80AEE00472067 /* UITextField+AddBottomBorder.swift in Sources */,
				B854589624BAA6D400723E26 /* PunchLineList+CLLocationManagerDelegate.swift in Sources */,
				B89F69B624B6663800472067 /* AppDelegate.swift in Sources */,
				B8B6A9C528DE5762005C67EA /* String+RemovingSpaces.swift in Sources */,
				B8EABB8624B8278A00A46443 /* NavigationManager.swift in Sources */,
				B8D8F8B424BA518200BBEBB1 /* AppSessionManager.swift in Sources */,
				B8EABB8C24B847D900A46443 /* ActivityContainerViewController.swift in Sources */,
				B8F1EF5024BBA731006E7264 /* JokeListViewController.swift in Sources */,
				B850D8F924B988EC0011077D /* PunchLineList+TableViewDataSource.swift in Sources */,
				B848503824BB691C006EEE02 /* ActivityFeedViewModel.swift in Sources */,
				B848503E24BB7D70006EEE02 /* ActivityFeedViewController.swift in Sources */,
				B89CF24124B8BBC70009A8CB /* UserInfo.swift in Sources */,
				B866553724BAAF0900DD694F /* PunchLineLauncher.swift in Sources */,
				B850D8FB24B9897A0011077D /* PunchLineTableViewCell.swift in Sources */,
				B850D8F724B988DB0011077D /* PunchLineList+TableViewDelegate.swift in Sources */,
				B8A58FF824B986C90007B744 /* CustomPunchLine.swift in Sources */,
				B89F6A0124B7ED1C00472067 /* GetStartedViewController.swift in Sources */,
				B8F1EF4C24BB9133006E7264 /* Profile+TableViewDelegate.swift in Sources */,
				B8CDC13024B9904D000C8B64 /* NewPunchLineTableViewCell.swift in Sources */,
				B8B6A9BA28D29E96005C67EA /* FavoriteJoke.swift in Sources */,
				B8B6A9BE28D51454005C67EA /* ProfileCellActionDelegate.swift in Sources */,
				B8B6A9B128D26FD1005C67EA /* UIViewController+Alerts.swift in Sources */,
				B89F69E124B6752400472067 /* PunchlineViewController.swift in Sources */,
				B8CDC13724BA3239000C8B64 /* PunchLine.swift in Sources */,
				B848503524BB66C5006EEE02 /* PunchLineEditorViewController.swift in Sources */,
				B89F69EE24B675DA00472067 /* MainTabBarController.swift in Sources */,
				B8B6A9C028D51564005C67EA /* Profile+CellActionDelegate.swift in Sources */,
				B8B6A9B628D289F9005C67EA /* UsernameViewController.swift in Sources */,
				B808CC4124B9583F00B39432 /* Punchline+ActivityFeedViewController.swift in Sources */,
				B8722DB9251A7EDA00B513E1 /* SceneDelegate.swift in Sources */,
				B8F1EF4E24BB9142006E7264 /* Profile+TableViewDataSource.swift in Sources */,
				B8B6A9C328DE503F005C67EA /* Setup.swift in Sources */,
				B8B6A9B728D289F9005C67EA /* Username+UITextFieldDelegate.swift in Sources */,
				B8EA41DA24BBAE2700D52A1B /* JokeList+TableViewDelegate.swift in Sources */,
				B89F69DD24B674D600472067 /* VoteViewController.swift in Sources */,
				B8CDC13224BA283E000C8B64 /* UIColor+CustomColors.swift in Sources */,
				B89F69E724B6757000472067 /* JokeDetailViewController.swift in Sources */,
				B808CC3824B912EB00B39432 /* Joke.swift in Sources */,
				B8EA41DC24BBAE3200D52A1B /* JokeList+TableViewDataSource.swift in Sources */,
				B8DDF34F24BB8ED8008E0328 /* ProfileToggleSettingTableViewCell.swift in Sources */,
				B848503C24BB7077006EEE02 /* Setup+TextViewDelegate.swift in Sources */,
				B89F69FD24B7EA9F00472067 /* Constants.swift in Sources */,
				B8B6A9C928DE662D005C67EA /* Userbase.swift in Sources */,
				B8B6A9AF28D23C1E005C67EA /* PublicScope.swift in Sources */,
				B866553A24BABEA900DD694F /* PunchLineListViewModel.swift in Sources */,
				B89F6A1524B80CE500472067 /* CloudKitManager.swift in Sources */,
				B8A58FF124B982360007B744 /* PunchLineListViewController.swift in Sources */,
				B89F69E524B6755900472067 /* JokeLookupViewController.swift in Sources */,
				B89F69E324B6753600472067 /* SetupViewController.swift in Sources */,
				B8CDC13424BA3224000C8B64 /* PublicPunchLine.swift in Sources */,
				B8DDF34D24BB8ECA008E0328 /* ProfileJokeHistoryTableViewCell.swift in Sources */,
				B89F69EB24B675AA00472067 /* ProfileViewController.swift in Sources */,
				B808CC4324B9584500B39432 /* Setup+ActivityFeedViewController.swift in Sources */,
				B808CC3C24B94FA200B39432 /* StyleManager.swift in Sources */,
			);
			runOnlyForDeploymentPostprocessing = 0;
		};
/* End PBXSourcesBuildPhase section */

/* Begin PBXVariantGroup section */
		B89F69BD24B6663800472067 /* Main.storyboard */ = {
			isa = PBXVariantGroup;
			children = (
				B89F69BE24B6663800472067 /* Base */,
			);
			name = Main.storyboard;
			sourceTree = "<group>";
		};
		B89F69C224B6663A00472067 /* LaunchScreen.storyboard */ = {
			isa = PBXVariantGroup;
			children = (
				B89F69C324B6663A00472067 /* Base */,
			);
			name = LaunchScreen.storyboard;
			sourceTree = "<group>";
		};
/* End PBXVariantGroup section */

/* Begin XCBuildConfiguration section */
		B89F69C624B6663A00472067 /* Debug */ = {
			isa = XCBuildConfiguration;
			buildSettings = {
				ALWAYS_SEARCH_USER_PATHS = NO;
				CLANG_ANALYZER_NONNULL = YES;
				CLANG_ANALYZER_NUMBER_OBJECT_CONVERSION = YES_AGGRESSIVE;
				CLANG_CXX_LANGUAGE_STANDARD = "gnu++14";
				CLANG_CXX_LIBRARY = "libc++";
				CLANG_ENABLE_MODULES = YES;
				CLANG_ENABLE_OBJC_ARC = YES;
				CLANG_ENABLE_OBJC_WEAK = YES;
				CLANG_WARN_BLOCK_CAPTURE_AUTORELEASING = YES;
				CLANG_WARN_BOOL_CONVERSION = YES;
				CLANG_WARN_COMMA = YES;
				CLANG_WARN_CONSTANT_CONVERSION = YES;
				CLANG_WARN_DEPRECATED_OBJC_IMPLEMENTATIONS = YES;
				CLANG_WARN_DIRECT_OBJC_ISA_USAGE = YES_ERROR;
				CLANG_WARN_DOCUMENTATION_COMMENTS = YES;
				CLANG_WARN_EMPTY_BODY = YES;
				CLANG_WARN_ENUM_CONVERSION = YES;
				CLANG_WARN_INFINITE_RECURSION = YES;
				CLANG_WARN_INT_CONVERSION = YES;
				CLANG_WARN_NON_LITERAL_NULL_CONVERSION = YES;
				CLANG_WARN_OBJC_IMPLICIT_RETAIN_SELF = YES;
				CLANG_WARN_OBJC_LITERAL_CONVERSION = YES;
				CLANG_WARN_OBJC_ROOT_CLASS = YES_ERROR;
				CLANG_WARN_QUOTED_INCLUDE_IN_FRAMEWORK_HEADER = YES;
				CLANG_WARN_RANGE_LOOP_ANALYSIS = YES;
				CLANG_WARN_STRICT_PROTOTYPES = YES;
				CLANG_WARN_SUSPICIOUS_MOVE = YES;
				CLANG_WARN_UNGUARDED_AVAILABILITY = YES_AGGRESSIVE;
				CLANG_WARN_UNREACHABLE_CODE = YES;
				CLANG_WARN__DUPLICATE_METHOD_MATCH = YES;
				COPY_PHASE_STRIP = NO;
				DEBUG_INFORMATION_FORMAT = dwarf;
				ENABLE_STRICT_OBJC_MSGSEND = YES;
				ENABLE_TESTABILITY = YES;
				GCC_C_LANGUAGE_STANDARD = gnu11;
				GCC_DYNAMIC_NO_PIC = NO;
				GCC_NO_COMMON_BLOCKS = YES;
				GCC_OPTIMIZATION_LEVEL = 0;
				GCC_PREPROCESSOR_DEFINITIONS = (
					"DEBUG=1",
					"$(inherited)",
				);
				GCC_WARN_64_TO_32_BIT_CONVERSION = YES;
				GCC_WARN_ABOUT_RETURN_TYPE = YES_ERROR;
				GCC_WARN_UNDECLARED_SELECTOR = YES;
				GCC_WARN_UNINITIALIZED_AUTOS = YES_AGGRESSIVE;
				GCC_WARN_UNUSED_FUNCTION = YES;
				GCC_WARN_UNUSED_VARIABLE = YES;
				IPHONEOS_DEPLOYMENT_TARGET = 16.0;
				MTL_ENABLE_DEBUG_INFO = INCLUDE_SOURCE;
				MTL_FAST_MATH = YES;
				ONLY_ACTIVE_ARCH = YES;
				SDKROOT = iphoneos;
				SWIFT_ACTIVE_COMPILATION_CONDITIONS = DEBUG;
				SWIFT_OPTIMIZATION_LEVEL = "-Onone";
			};
			name = Debug;
		};
		B89F69C724B6663A00472067 /* Release */ = {
			isa = XCBuildConfiguration;
			buildSettings = {
				ALWAYS_SEARCH_USER_PATHS = NO;
				CLANG_ANALYZER_NONNULL = YES;
				CLANG_ANALYZER_NUMBER_OBJECT_CONVERSION = YES_AGGRESSIVE;
				CLANG_CXX_LANGUAGE_STANDARD = "gnu++14";
				CLANG_CXX_LIBRARY = "libc++";
				CLANG_ENABLE_MODULES = YES;
				CLANG_ENABLE_OBJC_ARC = YES;
				CLANG_ENABLE_OBJC_WEAK = YES;
				CLANG_WARN_BLOCK_CAPTURE_AUTORELEASING = YES;
				CLANG_WARN_BOOL_CONVERSION = YES;
				CLANG_WARN_COMMA = YES;
				CLANG_WARN_CONSTANT_CONVERSION = YES;
				CLANG_WARN_DEPRECATED_OBJC_IMPLEMENTATIONS = YES;
				CLANG_WARN_DIRECT_OBJC_ISA_USAGE = YES_ERROR;
				CLANG_WARN_DOCUMENTATION_COMMENTS = YES;
				CLANG_WARN_EMPTY_BODY = YES;
				CLANG_WARN_ENUM_CONVERSION = YES;
				CLANG_WARN_INFINITE_RECURSION = YES;
				CLANG_WARN_INT_CONVERSION = YES;
				CLANG_WARN_NON_LITERAL_NULL_CONVERSION = YES;
				CLANG_WARN_OBJC_IMPLICIT_RETAIN_SELF = YES;
				CLANG_WARN_OBJC_LITERAL_CONVERSION = YES;
				CLANG_WARN_OBJC_ROOT_CLASS = YES_ERROR;
				CLANG_WARN_QUOTED_INCLUDE_IN_FRAMEWORK_HEADER = YES;
				CLANG_WARN_RANGE_LOOP_ANALYSIS = YES;
				CLANG_WARN_STRICT_PROTOTYPES = YES;
				CLANG_WARN_SUSPICIOUS_MOVE = YES;
				CLANG_WARN_UNGUARDED_AVAILABILITY = YES_AGGRESSIVE;
				CLANG_WARN_UNREACHABLE_CODE = YES;
				CLANG_WARN__DUPLICATE_METHOD_MATCH = YES;
				COPY_PHASE_STRIP = NO;
				DEBUG_INFORMATION_FORMAT = "dwarf-with-dsym";
				ENABLE_NS_ASSERTIONS = NO;
				ENABLE_STRICT_OBJC_MSGSEND = YES;
				GCC_C_LANGUAGE_STANDARD = gnu11;
				GCC_NO_COMMON_BLOCKS = YES;
				GCC_WARN_64_TO_32_BIT_CONVERSION = YES;
				GCC_WARN_ABOUT_RETURN_TYPE = YES_ERROR;
				GCC_WARN_UNDECLARED_SELECTOR = YES;
				GCC_WARN_UNINITIALIZED_AUTOS = YES_AGGRESSIVE;
				GCC_WARN_UNUSED_FUNCTION = YES;
				GCC_WARN_UNUSED_VARIABLE = YES;
				IPHONEOS_DEPLOYMENT_TARGET = 16.0;
				MTL_ENABLE_DEBUG_INFO = NO;
				MTL_FAST_MATH = YES;
				SDKROOT = iphoneos;
				SWIFT_COMPILATION_MODE = wholemodule;
				SWIFT_OPTIMIZATION_LEVEL = "-O";
				VALIDATE_PRODUCT = YES;
			};
			name = Release;
		};
		B89F69C924B6663A00472067 /* Debug */ = {
			isa = XCBuildConfiguration;
			buildSettings = {
				ASSETCATALOG_COMPILER_APPICON_NAME = AppIcon;
				CODE_SIGN_ENTITLEMENTS = "Punch-Line/Resources/Punch-Line.entitlements";
				CODE_SIGN_STYLE = Automatic;
				DEVELOPMENT_TEAM = LNM9247SFR;
				INFOPLIST_FILE = "Punch-Line/Resources/Info.plist";
				IPHONEOS_DEPLOYMENT_TARGET = 16.0;
				LD_RUNPATH_SEARCH_PATHS = (
					"$(inherited)",
					"@executable_path/Frameworks",
				);
				PRODUCT_BUNDLE_IDENTIFIER = com.bdl.punchline;
				PRODUCT_NAME = "$(TARGET_NAME)";
				SWIFT_VERSION = 5.0;
				TARGETED_DEVICE_FAMILY = 1;
			};
			name = Debug;
		};
		B89F69CA24B6663A00472067 /* Release */ = {
			isa = XCBuildConfiguration;
			buildSettings = {
				ASSETCATALOG_COMPILER_APPICON_NAME = AppIcon;
				CODE_SIGN_ENTITLEMENTS = "Punch-Line/Resources/Punch-Line.entitlements";
				CODE_SIGN_STYLE = Automatic;
				DEVELOPMENT_TEAM = LNM9247SFR;
				INFOPLIST_FILE = "Punch-Line/Resources/Info.plist";
				IPHONEOS_DEPLOYMENT_TARGET = 16.0;
				LD_RUNPATH_SEARCH_PATHS = (
					"$(inherited)",
					"@executable_path/Frameworks",
				);
				PRODUCT_BUNDLE_IDENTIFIER = com.bdl.punchline;
				PRODUCT_NAME = "$(TARGET_NAME)";
				SWIFT_VERSION = 5.0;
				TARGETED_DEVICE_FAMILY = 1;
			};
			name = Release;
		};
/* End XCBuildConfiguration section */

/* Begin XCConfigurationList section */
		B89F69AD24B6663800472067 /* Build configuration list for PBXProject "Punch-Line" */ = {
			isa = XCConfigurationList;
			buildConfigurations = (
				B89F69C624B6663A00472067 /* Debug */,
				B89F69C724B6663A00472067 /* Release */,
			);
			defaultConfigurationIsVisible = 0;
			defaultConfigurationName = Release;
		};
		B89F69C824B6663A00472067 /* Build configuration list for PBXNativeTarget "Punch-Line" */ = {
			isa = XCConfigurationList;
			buildConfigurations = (
				B89F69C924B6663A00472067 /* Debug */,
				B89F69CA24B6663A00472067 /* Release */,
			);
			defaultConfigurationIsVisible = 0;
			defaultConfigurationName = Release;
		};
/* End XCConfigurationList section */
	};
	rootObject = B89F69AA24B6663800472067 /* Project object */;
}
